// !$*UTF8*$!
{
	archiveVersion = 1;
	classes = {
	};
	objectVersion = 46;
	objects = {

/* Begin PBXBuildFile section */
		BB84968F1D3F74820093606A /* Assets.xcassets in Resources */ = {isa = PBXBuildFile; fileRef = BB84968E1D3F74820093606A /* Assets.xcassets */; };
		BB8496921D3F74820093606A /* LaunchScreen.storyboard in Resources */ = {isa = PBXBuildFile; fileRef = BB8496901D3F74820093606A /* LaunchScreen.storyboard */; };
		BB84969D1D3F74820093606A /* DemoNovTests.swift in Sources */ = {isa = PBXBuildFile; fileRef = BB84969C1D3F74820093606A /* DemoNovTests.swift */; };
		BB8496A81D3F74820093606A /* DemoNovUITests.swift in Sources */ = {isa = PBXBuildFile; fileRef = BB8496A71D3F74820093606A /* DemoNovUITests.swift */; };		
		1EA74F6AA1BDA5C7F32188A1 /* CustomViewController.swift in Sources */ = {isa = PBXBuildFile; fileRef = F36045FD8DB778DBD09F57C6 /* CustomViewController.swift */; };
		29C44034A18950802CEE76EB /* ExpensesDetailViewController.swift in Sources */ = {isa = PBXBuildFile; fileRef = 06A34886AABA62683623F31C /* ExpensesDetailViewController.swift */; };
		00434AFA8A7C4848D690519F /* ExpensesFormViewController.swift in Sources */ = {isa = PBXBuildFile; fileRef = 114C4DB0ADF94233569A1F79 /* ExpensesFormViewController.swift */; };
		C95D4AD488931BC6FCBC622B /* ExpensesTrackerDetailViewController.swift in Sources */ = {isa = PBXBuildFile; fileRef = E8D34845A4693723E8B233F5 /* ExpensesTrackerDetailViewController.swift */; };
		A4B147E2872EC85DB1E6027E /* ExpensesTrackerViewController.swift in Sources */ = {isa = PBXBuildFile; fileRef = 19464850A7029217845FFECD /* ExpensesTrackerViewController.swift */; };
		46E948B5BA8189C93475249A /* ExpensesViewController.swift in Sources */ = {isa = PBXBuildFile; fileRef = 217A46DFB55D2B1318BEB00F /* ExpensesViewController.swift */; };
		B06148F493A208F2B08CFF78 /* ExpenseTrackerFormViewController.swift in Sources */ = {isa = PBXBuildFile; fileRef = 7A99469A8460127E5F781D1E /* ExpenseTrackerFormViewController.swift */; };
		7A9947EC9713A29B8E9F5AF2 /* MainMenuViewController.swift in Sources */ = {isa = PBXBuildFile; fileRef = 038B40F3B8A6A33AC8980849 /* MainMenuViewController.swift */; };
		F1FD4272B96ACB7AAEAEC1A1 /* DatasourceConfig.swift in Sources */ = {isa = PBXBuildFile; fileRef = D1D7438CB812D4AF135225CC /* DatasourceConfig.swift */; };
		648A4689AB972EAC6BAB5B91 /* DatasourceManager.swift in Sources */ = {isa = PBXBuildFile; fileRef = 9F1F4EACABDEE02A0AE87D01 /* DatasourceManager.swift */; };
		5C5F456DA3A03EE10BB2F831 /* CategoriesDSItem.swift in Sources */ = {isa = PBXBuildFile; fileRef = DA764F9C97CDB5CF3B4F51FA /* CategoriesDSItem.swift */; };
		CED340FB837A4B4C797A57CC /* ExpensesDSItem.swift in Sources */ = {isa = PBXBuildFile; fileRef = FCB241ACA96AA650A708FB3B /* ExpensesDSItem.swift */; };
		F6A8439091AEB978F0FE20CD /* Action.swift in Sources */ = {isa = PBXBuildFile; fileRef = E79646358B242F18738F2FEF /* Action.swift */; };
		899343A2835D6805F5F5B210 /* LinkAction.swift in Sources */ = {isa = PBXBuildFile; fileRef = F8F2428A82D7DF7FDFFE389C /* LinkAction.swift */; };
		B4234699990C6AE0D7EA851D /* MailAction.swift in Sources */ = {isa = PBXBuildFile; fileRef = AF914DA2813E87ACA9D2CF01 /* MailAction.swift */; };
		926D48DBAA9A8F092469A0DD /* MapAction.swift in Sources */ = {isa = PBXBuildFile; fileRef = 06634386996CD2D940B21680 /* MapAction.swift */; };
		CFB94BB49169CDFA27D9A1E5 /* NavigationAction.swift in Sources */ = {isa = PBXBuildFile; fileRef = 9EE7440E923663147378D138 /* NavigationAction.swift */; };
		FA4A430295D9B40E62458066 /* NavigationPushAction.swift in Sources */ = {isa = PBXBuildFile; fileRef = 4FF14DF5829B03EC7E8A0EA4 /* NavigationPushAction.swift */; };
		0B4E4F459AC5AC1641A3746E /* PhoneAction.swift in Sources */ = {isa = PBXBuildFile; fileRef = 3C554138921AFA7857274253 /* PhoneAction.swift */; };
		EFC849BAABE16D65932BD560 /* SlidingAction.swift in Sources */ = {isa = PBXBuildFile; fileRef = 5369493F887230E59107B12E /* SlidingAction.swift */; };
		FFE740E1962D23D475185D88 /* UriAction.swift in Sources */ = {isa = PBXBuildFile; fileRef = 75194710AEB909FB7D9329E2 /* UriAction.swift */; };
		60B64665AEF046640600FCEC /* Analytics.swift in Sources */ = {isa = PBXBuildFile; fileRef = EF474EDE8636B817DC6EDFFC /* Analytics.swift */; };
		46284BF8969B332B104579BB /* AnalyticsManager.swift in Sources */ = {isa = PBXBuildFile; fileRef = E1BC40D9BF6C15E924C55AF3 /* AnalyticsManager.swift */; };
		43BF44ACAF7CFFD4FCD28ADD /* Logger.swift in Sources */ = {isa = PBXBuildFile; fileRef = 547249C2AC2A91CAE63358ED /* Logger.swift */; };
		629C423DB9F8143D5CEFE68A /* LoggerLevel.swift in Sources */ = {isa = PBXBuildFile; fileRef = 45D147E69F9CE51F4C164CAF /* LoggerLevel.swift */; };
		7585440A80C2F1AEFEB37759 /* Behavior.swift in Sources */ = {isa = PBXBuildFile; fileRef = 263A48469BC6B14B42735A91 /* Behavior.swift */; };
		E95E46B9A0B6BBFC0E282B3A /* CreateBehavior.swift in Sources */ = {isa = PBXBuildFile; fileRef = AB1348ADA5AB4978BD8215EF /* CreateBehavior.swift */; };
		E18642FB84C789C197BE24E6 /* FilterBehavior.swift in Sources */ = {isa = PBXBuildFile; fileRef = 6DC948CBA0BAF340B97E9425 /* FilterBehavior.swift */; };
		6F05463AB539029B9BE69A5F /* SearchBehavior.swift in Sources */ = {isa = PBXBuildFile; fileRef = F9904F2E975893AB2FDCBC88 /* SearchBehavior.swift */; };
		94894C7FAD4A9F057EE2D837 /* UpdateBehavior.swift in Sources */ = {isa = PBXBuildFile; fileRef = 92874EFA9B6312C5CF1BF82E /* UpdateBehavior.swift */; };
		897F41E398F9755E0E6B735A /* DeleteBehavior.swift in Sources */ = {isa = PBXBuildFile; fileRef = 3B4E4659B4CEAC27D2EB2735 /* DeleteBehavior.swift */; };
		CB6B4DCFA2B1678C7D67DFAD /* ShareBehavior.swift in Sources */ = {isa = PBXBuildFile; fileRef = 6F7E460C93C197241A1E9AD2 /* ShareBehavior.swift */; };
		3E2D45318213D6B62C341775 /* CollectionViewController.swift in Sources */ = {isa = PBXBuildFile; fileRef = 712C408E8A37178F217CAE50 /* CollectionViewController.swift */; };
		D60346FB9581B881C72D8A09 /* DataSetViewController.swift in Sources */ = {isa = PBXBuildFile; fileRef = 8430457384B1A1968B8B029A /* DataSetViewController.swift */; };
		DC734954A0ADF1EE97DCBEAD /* DataViewController.swift in Sources */ = {isa = PBXBuildFile; fileRef = 3909406396AA8D6DBC226791 /* DataViewController.swift */; };
		621944ADADA8DC74FBE1B428 /* FilterViewController.swift in Sources */ = {isa = PBXBuildFile; fileRef = C42A4BFA9244362E4151537A /* FilterViewController.swift */; };
		BEC74B7A86E0E9B065376F9C /* FormViewController.swift in Sources */ = {isa = PBXBuildFile; fileRef = F52B4282820CF004D0846C4E /* FormViewController.swift */; };
		11504CB69D287D852FCFD328 /* InputViewController.swift in Sources */ = {isa = PBXBuildFile; fileRef = 14FB4F9088A2874AD423B071 /* InputViewController.swift */; };
		994542CFBF57E5F938CED143 /* OptionsViewController.swift in Sources */ = {isa = PBXBuildFile; fileRef = 9BCC48F986E8D9B187136617 /* OptionsViewController.swift */; };
		59CD493BB04AC82DCF351742 /* SimpleCollectionViewController.swift in Sources */ = {isa = PBXBuildFile; fileRef = 119840ACAE32DB24B392B1CA /* SimpleCollectionViewController.swift */; };
		0B01440BA777AC88154DBC9A /* SimpleTabBarController.swift in Sources */ = {isa = PBXBuildFile; fileRef = 01D545F4A9E7807748DAC9AF /* SimpleTabBarController.swift */; };
		16654664B64EC0FD6727FFEA /* StackViewController.swift in Sources */ = {isa = PBXBuildFile; fileRef = 65F44EB1800DFC12E6113B9E /* StackViewController.swift */; };
		58D64F29A4FCF6755644F193 /* TableViewController.swift in Sources */ = {isa = PBXBuildFile; fileRef = 5AC2463FB11134ADB3E14C69 /* TableViewController.swift */; };
		A8244DE89EA2EEDDA4B0B212 /* CloudDatasource.swift in Sources */ = {isa = PBXBuildFile; fileRef = 49B841309B742D9D39AA8AB7 /* CloudDatasource.swift */; };
		0F2B4F05A4BD96A585EE6710 /* CloudDatasourceFilter.swift in Sources */ = {isa = PBXBuildFile; fileRef = 73D24828A3009C4BA336FD7C /* CloudDatasourceFilter.swift */; };
		5E70410DBB2EE4F7424C6F95 /* Datasource.swift in Sources */ = {isa = PBXBuildFile; fileRef = 725B4E32A77096CCA84E770D /* Datasource.swift */; };
		168D4EE7BB35DDAF19E4A28E /* DatasourceFilter.swift in Sources */ = {isa = PBXBuildFile; fileRef = 045441D2AEEF4ECBE2F8A84C /* DatasourceFilter.swift */; };
		AF424166AE2B179008BCB175 /* DatasourceOptions.swift in Sources */ = {isa = PBXBuildFile; fileRef = C7614632A3E4851D14C1A113 /* DatasourceOptions.swift */; };
		BFC14092859709C5DB65534B /* ExternalDatasource.swift in Sources */ = {isa = PBXBuildFile; fileRef = F1CD456286725153311793CD /* ExternalDatasource.swift */; };
		82AE410BA89A10FE7338462B /* ExternalDatasourceFilter.swift in Sources */ = {isa = PBXBuildFile; fileRef = 79AB4AAF8D77609F466F8769 /* ExternalDatasourceFilter.swift */; };
		F76C45FCB50CC523C060DFA0 /* HttpClient.swift in Sources */ = {isa = PBXBuildFile; fileRef = 1D1D4A6E8916A3ADA1D1889F /* HttpClient.swift */; };
		DFB14A30AD00AADD5766D37D /* Item.swift in Sources */ = {isa = PBXBuildFile; fileRef = 23D64E5294B0045F887662FE /* Item.swift */; };
		B44246CEB45006C58103FFF7 /* LocalDatasource.swift in Sources */ = {isa = PBXBuildFile; fileRef = A8C545B48787676C325FD869 /* LocalDatasource.swift */; };
		5535494E9D72864402D88518 /* LocalDatasourceFilter.swift in Sources */ = {isa = PBXBuildFile; fileRef = F0DB425CBCF993994FE1D2DB /* LocalDatasourceFilter.swift */; };
		DF74464BB4373050C5BCDDA4 /* Annotation.swift in Sources */ = {isa = PBXBuildFile; fileRef = 359349488109C4015FC7840D /* Annotation.swift */; };
		78EF476FA01D0510E9CE67BD /* DateRange.swift in Sources */ = {isa = PBXBuildFile; fileRef = 5C1A4651B7A974CC00C378F3 /* DateRange.swift */; };
		03654CB68C90D96B00F65695 /* GeoPoint.swift in Sources */ = {isa = PBXBuildFile; fileRef = B60340E8841F835325447B97 /* GeoPoint.swift */; };
		79E14D7EB0D48B8704EACEA6 /* MenuItem.swift in Sources */ = {isa = PBXBuildFile; fileRef = 6C04400D87DE3C29DE1BCE8B /* MenuItem.swift */; };
		6DF84CD0B8EBE2B8B9D6F13E /* BasicAuthLoginService.swift in Sources */ = {isa = PBXBuildFile; fileRef = BB584164BAE6749F97CB9994 /* BasicAuthLoginService.swift */; };
		B1044B4B90633DBB64C85CF4 /* LoginManager.swift in Sources */ = {isa = PBXBuildFile; fileRef = 7F4C47A5AD7AFB32386DFABB /* LoginManager.swift */; };
		0BB14EC7ABCF22E0375ABA01 /* LoginResponse.swift in Sources */ = {isa = PBXBuildFile; fileRef = E20042EAA13A65404B34B13D /* LoginResponse.swift */; };
		268B46B4A3F5351A35A09EFA /* LoginService.swift in Sources */ = {isa = PBXBuildFile; fileRef = 6BB04DF685169E9EE69FE42E /* LoginService.swift */; };
		58E54DF3BF34FE733D2D60D8 /* LoginViewController.swift in Sources */ = {isa = PBXBuildFile; fileRef = 371642D6AD1F541CCF822760 /* LoginViewController.swift */; };
		74E44115845F658693373B78 /* LogoutAction.swift in Sources */ = {isa = PBXBuildFile; fileRef = 5729427F9A28CD7B0ECDDBA4 /* LogoutAction.swift */; };
		47054CC6B345863064296173 /* LogoutBehavior.swift in Sources */ = {isa = PBXBuildFile; fileRef = 56F74095B2C0E7361769E81C /* LogoutBehavior.swift */; };
		26164B259805E02B6211AC02 /* ErrorManager.swift in Sources */ = {isa = PBXBuildFile; fileRef = 9D50465BBF71FCE9FA56EE62 /* ErrorManager.swift */; };
		BB3542B6987FA8B15C47F09B /* LocationManager.swift in Sources */ = {isa = PBXBuildFile; fileRef = 71A5496791465FAB50605516 /* LocationManager.swift */; };
		E544439AA2F6C84D6A7C4FB3 /* NSDate+Additions.swift in Sources */ = {isa = PBXBuildFile; fileRef = EA3C46898ADD3E025009BE61 /* NSDate+Additions.swift */; };
		204447DE94ACBABD5AC46804 /* NSString+Additions.swift in Sources */ = {isa = PBXBuildFile; fileRef = D36C4262A04CC0C48FE78D88 /* NSString+Additions.swift */; };
		81664D349D9FDC4DB2D5FF31 /* String+Additions.swift in Sources */ = {isa = PBXBuildFile; fileRef = DE95462C868D434BD29A4E8B /* String+Additions.swift */; };
		27984BB2A95A7E528332EBDD /* UIColor+Additions.swift in Sources */ = {isa = PBXBuildFile; fileRef = DA2441548772279C79A22477 /* UIColor+Additions.swift */; };
		B14F42CDB5CA702C9F064F28 /* UIFont+Additions.swift in Sources */ = {isa = PBXBuildFile; fileRef = 3B334F8FA0D0426357BE13F5 /* UIFont+Additions.swift */; };
		36DF42CC92E0C53657BBBEA4 /* UIImageView+Additions.swift in Sources */ = {isa = PBXBuildFile; fileRef = AC4A4B37AECBA5010157ED65 /* UIImageView+Additions.swift */; };
		A558431BA45EA1AE461CA4F6 /* UITextField+Additions.swift in Sources */ = {isa = PBXBuildFile; fileRef = 420D4FEEA9839823AC68E465 /* UITextField+Additions.swift */; };
		506F47F09BD6D8E74EFA4D7D /* UIView+Additions.swift in Sources */ = {isa = PBXBuildFile; fileRef = 5FF045D3AB97979472376CD5 /* UIView+Additions.swift */; };
		EC384A7A99BC8CD33126F916 /* UIViewController+Additions.swift in Sources */ = {isa = PBXBuildFile; fileRef = 6E854A1D9C058DD8437F4503 /* UIViewController+Additions.swift */; };
		A357456582B218913697A737 /* ContainerView.swift in Sources */ = {isa = PBXBuildFile; fileRef = 25B24A4A80929A44E1318FA7 /* ContainerView.swift */; };
		AE4E4D2EB3A3DA6BCE0B6733 /* MosaicCell.swift in Sources */ = {isa = PBXBuildFile; fileRef = 9B5A4ADDAE341B3F1EFD84E9 /* MosaicCell.swift */; };
		27A24C00927BC7F0AEA0BB21 /* PhotoCell.swift in Sources */ = {isa = PBXBuildFile; fileRef = C9A14B7287CD5D66F53371C9 /* PhotoCell.swift */; };
		62ED4733BFBE34C2A65626EE /* BooleanField.swift in Sources */ = {isa = PBXBuildFile; fileRef = 702F4409B2C1EE3F429679B0 /* BooleanField.swift */; };
		BA664E5981875A758BE868B5 /* DateField.swift in Sources */ = {isa = PBXBuildFile; fileRef = 0077408882631B57ED8792A0 /* DateField.swift */; };
		1C5840BE91DE3052480064C7 /* DateRangeField.swift in Sources */ = {isa = PBXBuildFile; fileRef = 17B7475B98CE33C0180D88B0 /* DateRangeField.swift */; };
		371C4D92A82E530673CD1D33 /* DateRangeFilterField.swift in Sources */ = {isa = PBXBuildFile; fileRef = 2CC648A68515A0715FF2C052 /* DateRangeFilterField.swift */; };
		53F44A7B9ABD052D184CE26F /* DateTimeField.swift in Sources */ = {isa = PBXBuildFile; fileRef = 9ABB47ED9C22113A9C36905C /* DateTimeField.swift */; };
		DB734957B38D5A9E5A8A54C3 /* DecimalField.swift in Sources */ = {isa = PBXBuildFile; fileRef = 96F943188244F2EF440BD9AB /* DecimalField.swift */; };
		871A4A1497EFA32B9C4C4CE7 /* Field.swift in Sources */ = {isa = PBXBuildFile; fileRef = 29C846998FDE0F7811E5ABCC /* Field.swift */; };
		16914BB894C87EE38C823622 /* FilterField.swift in Sources */ = {isa = PBXBuildFile; fileRef = EAE246D39457AFC633AF68CA /* FilterField.swift */; };
		416D498DAB28725B6A5FA198 /* ImageField.swift in Sources */ = {isa = PBXBuildFile; fileRef = A3094BCA8DE035488C7DB4E8 /* ImageField.swift */; };
		C1D146A0B107E2A6038A8B07 /* ImageInputView.swift in Sources */ = {isa = PBXBuildFile; fileRef = 21DD467BBEA217BECB39AB2B /* ImageInputView.swift */; };
		678E49C7B96F9BE4186D40F2 /* IntegerField.swift in Sources */ = {isa = PBXBuildFile; fileRef = 4F0B4B37BFBF6B8E76FB5B51 /* IntegerField.swift */; };
		EC1E4F5FA26D55925061A673 /* LocationField.swift in Sources */ = {isa = PBXBuildFile; fileRef = EE3343B0AD2C8D54A859E392 /* LocationField.swift */; };
		4F3F487FAABBBAEF81FED1F5 /* LocationInputView.swift in Sources */ = {isa = PBXBuildFile; fileRef = 9EDD4368A5F5BD782B050603 /* LocationInputView.swift */; };
		D39E47FD974758A9D5B99D88 /* NumberFilterField.swift in Sources */ = {isa = PBXBuildFile; fileRef = 3E4C410DBD0D9231E2614641 /* NumberFilterField.swift */; };
		1E8545B79DF82802BA2A5333 /* OptionsField.swift in Sources */ = {isa = PBXBuildFile; fileRef = C6AD4B3DA0403F390C5A9619 /* OptionsField.swift */; };
		E6224EF09E534A994A31A58A /* OptionsFilterField.swift in Sources */ = {isa = PBXBuildFile; fileRef = BBB74A368FC5512C6C3ABB58 /* OptionsFilterField.swift */; };
		784A4DC0AA84D2BF9A1C7524 /* OptionsInputView.swift in Sources */ = {isa = PBXBuildFile; fileRef = 8FB84685A38ABAB923FE5002 /* OptionsInputView.swift */; };
		18FB4ACAA13733E3D259D620 /* RangeInputView.swift in Sources */ = {isa = PBXBuildFile; fileRef = 13214249980178D0A05BC341 /* RangeInputView.swift */; };
		475D48ABB84FF87A83AA48D9 /* Rules.swift in Sources */ = {isa = PBXBuildFile; fileRef = 100649D3890ECC3C19627013 /* Rules.swift */; };
		A6B64075843CCAA126402EFE /* StringField.swift in Sources */ = {isa = PBXBuildFile; fileRef = BF184AD784136D881D446E92 /* StringField.swift */; };
		53A34B9A8658A8BBB2DDDF3D /* StringFilterField.swift in Sources */ = {isa = PBXBuildFile; fileRef = 67874AEEAECF17B74561CAC1 /* StringFilterField.swift */; };
		090045A0930B7FF466653964 /* SwitchInputView.swift in Sources */ = {isa = PBXBuildFile; fileRef = BB944F8CBBF6800E103B62BB /* SwitchInputView.swift */; };
		CFFB41E5A7022D4E9D2149ED /* TextInputView.swift in Sources */ = {isa = PBXBuildFile; fileRef = F0AE494496791A32CC052894 /* TextInputView.swift */; };
		FEF24BD2936FF7215021DBC8 /* TristateField.swift in Sources */ = {isa = PBXBuildFile; fileRef = 90944E0F9B7C87509636E874 /* TristateField.swift */; };
		07204B359C8430391C2BD11C /* TristateInputView.swift in Sources */ = {isa = PBXBuildFile; fileRef = 48DF495BB69D5E95A84F253F /* TristateInputView.swift */; };
		C74F4EDCB0FC65670B70BE47 /* BasicCell.swift in Sources */ = {isa = PBXBuildFile; fileRef = C4E344BF881FC25A1AA70182 /* BasicCell.swift */; };
		DF894E34A714BCAC22393B74 /* BasicImageCell.swift in Sources */ = {isa = PBXBuildFile; fileRef = C0204B23BD79D8D073BE892C /* BasicImageCell.swift */; };
		FB2A4DF3A2BA1B8E6B3F4ADE /* DetailCell.swift in Sources */ = {isa = PBXBuildFile; fileRef = D9C84E1BA677D6825A9EEB81 /* DetailCell.swift */; };
		C447417B9C695B406B52B5B2 /* DetailImageCell.swift in Sources */ = {isa = PBXBuildFile; fileRef = 9E914701B9732424E01A0A6D /* DetailImageCell.swift */; };
		603D48C29B9BB5E6DEFBCAA8 /* InfoImageCell.swift in Sources */ = {isa = PBXBuildFile; fileRef = 368B4AEFA67F9ED20219E400 /* InfoImageCell.swift */; };
		F37E46919290C6132730A5EC /* AppDelegate.swift in Sources */ = {isa = PBXBuildFile; fileRef = 86DC410C9102E08DDDAD4CF5 /* AppDelegate.swift */; };
		3428494EA40AB2B738C7CCD9 /* MainNavigation.swift in Sources */ = {isa = PBXBuildFile; fileRef = FE4340D59B4422E136DD45DA /* MainNavigation.swift */; };
		C0854557BBDEFC23C5E83496 /* Style.swift in Sources */ = {isa = PBXBuildFile; fileRef = 6ECB418C8D267359FAAC0598 /* Style.swift */; };
		6C3A4D9C92A65C812CBB37C5 /* StyleConfig.swift in Sources */ = {isa = PBXBuildFile; fileRef = 2BF4425F9AE842B7D65B46CD /* StyleConfig.swift */; };
	
/* End PBXBuildFile section */

/* Begin PBXContainerItemProxy section */
		BB8496991D3F74820093606A /* PBXContainerItemProxy */ = {
			isa = PBXContainerItemProxy;
			containerPortal = BB84967C1D3F74820093606A /* Project object */;
			proxyType = 1;
			remoteGlobalIDString = BB8496831D3F74820093606A;
			remoteInfo = DemoNov;
		};
		BB8496A41D3F74820093606A /* PBXContainerItemProxy */ = {
			isa = PBXContainerItemProxy;
			containerPortal = BB84967C1D3F74820093606A /* Project object */;
			proxyType = 1;
			remoteGlobalIDString = BB8496831D3F74820093606A;
			remoteInfo = DemoNov;
		};
/* End PBXContainerItemProxy section */

/* Begin PBXFileReference section */
		BB8496841D3F74820093606A /* DemoNov.app */ = {isa = PBXFileReference; explicitFileType = wrapper.application; includeInIndex = 0; path = DemoNov.app; sourceTree = BUILT_PRODUCTS_DIR; };
		BB8496891D3F74820093606A /* ViewController.swift */ = {isa = PBXFileReference; lastKnownFileType = sourcecode.swift; path = ViewController.swift; sourceTree = "<group>"; };
		BB84968E1D3F74820093606A /* Assets.xcassets */ = {isa = PBXFileReference; lastKnownFileType = folder.assetcatalog; path = Assets.xcassets; sourceTree = "<group>"; };
		BB8496911D3F74820093606A /* Base */ = {isa = PBXFileReference; lastKnownFileType = file.storyboard; name = Base; path = Base.lproj/LaunchScreen.storyboard; sourceTree = "<group>"; };
		BB8496931D3F74820093606A /* Info.plist */ = {isa = PBXFileReference; lastKnownFileType = text.plist.xml; path = Info.plist; sourceTree = "<group>"; };
		BB8496981D3F74820093606A /* DemoNovTests.xctest */ = {isa = PBXFileReference; explicitFileType = wrapper.cfbundle; includeInIndex = 0; path = DemoNovTests.xctest; sourceTree = BUILT_PRODUCTS_DIR; };
		BB84969C1D3F74820093606A /* DemoNovTests.swift */ = {isa = PBXFileReference; lastKnownFileType = sourcecode.swift; path = DemoNovTests.swift; sourceTree = "<group>"; };
		BB84969E1D3F74820093606A /* Info.plist */ = {isa = PBXFileReference; lastKnownFileType = text.plist.xml; path = Info.plist; sourceTree = "<group>"; };
		BB8496A31D3F74820093606A /* DemoNovUITests.xctest */ = {isa = PBXFileReference; explicitFileType = wrapper.cfbundle; includeInIndex = 0; path = DemoNovUITests.xctest; sourceTree = BUILT_PRODUCTS_DIR; };
		BB8496A71D3F74820093606A /* DemoNovUITests.swift */ = {isa = PBXFileReference; lastKnownFileType = sourcecode.swift; path = DemoNovUITests.swift; sourceTree = "<group>"; };
		BB8496A91D3F74820093606A /* Info.plist */ = {isa = PBXFileReference; lastKnownFileType = text.plist.xml; path = Info.plist; sourceTree = "<group>"; };
		
		F36045FD8DB778DBD09F57C6 /* CustomViewController.swift */ = {isa = PBXFileReference; fileEncoding = 4; lastKnownFileType = sourcecode.swift; path = "CustomViewController.swift"; sourceTree = "<group>"; };
		06A34886AABA62683623F31C /* ExpensesDetailViewController.swift */ = {isa = PBXFileReference; fileEncoding = 4; lastKnownFileType = sourcecode.swift; path = "ExpensesDetailViewController.swift"; sourceTree = "<group>"; };
		114C4DB0ADF94233569A1F79 /* ExpensesFormViewController.swift */ = {isa = PBXFileReference; fileEncoding = 4; lastKnownFileType = sourcecode.swift; path = "ExpensesFormViewController.swift"; sourceTree = "<group>"; };
		E8D34845A4693723E8B233F5 /* ExpensesTrackerDetailViewController.swift */ = {isa = PBXFileReference; fileEncoding = 4; lastKnownFileType = sourcecode.swift; path = "ExpensesTrackerDetailViewController.swift"; sourceTree = "<group>"; };
		19464850A7029217845FFECD /* ExpensesTrackerViewController.swift */ = {isa = PBXFileReference; fileEncoding = 4; lastKnownFileType = sourcecode.swift; path = "ExpensesTrackerViewController.swift"; sourceTree = "<group>"; };
		217A46DFB55D2B1318BEB00F /* ExpensesViewController.swift */ = {isa = PBXFileReference; fileEncoding = 4; lastKnownFileType = sourcecode.swift; path = "ExpensesViewController.swift"; sourceTree = "<group>"; };
		7A99469A8460127E5F781D1E /* ExpenseTrackerFormViewController.swift */ = {isa = PBXFileReference; fileEncoding = 4; lastKnownFileType = sourcecode.swift; path = "ExpenseTrackerFormViewController.swift"; sourceTree = "<group>"; };
		038B40F3B8A6A33AC8980849 /* MainMenuViewController.swift */ = {isa = PBXFileReference; fileEncoding = 4; lastKnownFileType = sourcecode.swift; path = "MainMenuViewController.swift"; sourceTree = "<group>"; };
		D1D7438CB812D4AF135225CC /* DatasourceConfig.swift */ = {isa = PBXFileReference; fileEncoding = 4; lastKnownFileType = sourcecode.swift; path = "DatasourceConfig.swift"; sourceTree = "<group>"; };
		9F1F4EACABDEE02A0AE87D01 /* DatasourceManager.swift */ = {isa = PBXFileReference; fileEncoding = 4; lastKnownFileType = sourcecode.swift; path = "DatasourceManager.swift"; sourceTree = "<group>"; };
		DA764F9C97CDB5CF3B4F51FA /* CategoriesDSItem.swift */ = {isa = PBXFileReference; fileEncoding = 4; lastKnownFileType = sourcecode.swift; path = "CategoriesDSItem.swift"; sourceTree = "<group>"; };
		FCB241ACA96AA650A708FB3B /* ExpensesDSItem.swift */ = {isa = PBXFileReference; fileEncoding = 4; lastKnownFileType = sourcecode.swift; path = "ExpensesDSItem.swift"; sourceTree = "<group>"; };
		E79646358B242F18738F2FEF /* Action.swift */ = {isa = PBXFileReference; fileEncoding = 4; lastKnownFileType = sourcecode.swift; path = "Action.swift"; sourceTree = "<group>"; };
		F8F2428A82D7DF7FDFFE389C /* LinkAction.swift */ = {isa = PBXFileReference; fileEncoding = 4; lastKnownFileType = sourcecode.swift; path = "LinkAction.swift"; sourceTree = "<group>"; };
		AF914DA2813E87ACA9D2CF01 /* MailAction.swift */ = {isa = PBXFileReference; fileEncoding = 4; lastKnownFileType = sourcecode.swift; path = "MailAction.swift"; sourceTree = "<group>"; };
		06634386996CD2D940B21680 /* MapAction.swift */ = {isa = PBXFileReference; fileEncoding = 4; lastKnownFileType = sourcecode.swift; path = "MapAction.swift"; sourceTree = "<group>"; };
		9EE7440E923663147378D138 /* NavigationAction.swift */ = {isa = PBXFileReference; fileEncoding = 4; lastKnownFileType = sourcecode.swift; path = "NavigationAction.swift"; sourceTree = "<group>"; };
		4FF14DF5829B03EC7E8A0EA4 /* NavigationPushAction.swift */ = {isa = PBXFileReference; fileEncoding = 4; lastKnownFileType = sourcecode.swift; path = "NavigationPushAction.swift"; sourceTree = "<group>"; };
		3C554138921AFA7857274253 /* PhoneAction.swift */ = {isa = PBXFileReference; fileEncoding = 4; lastKnownFileType = sourcecode.swift; path = "PhoneAction.swift"; sourceTree = "<group>"; };
		5369493F887230E59107B12E /* SlidingAction.swift */ = {isa = PBXFileReference; fileEncoding = 4; lastKnownFileType = sourcecode.swift; path = "SlidingAction.swift"; sourceTree = "<group>"; };
		75194710AEB909FB7D9329E2 /* UriAction.swift */ = {isa = PBXFileReference; fileEncoding = 4; lastKnownFileType = sourcecode.swift; path = "UriAction.swift"; sourceTree = "<group>"; };
		EF474EDE8636B817DC6EDFFC /* Analytics.swift */ = {isa = PBXFileReference; fileEncoding = 4; lastKnownFileType = sourcecode.swift; path = "Analytics.swift"; sourceTree = "<group>"; };
		E1BC40D9BF6C15E924C55AF3 /* AnalyticsManager.swift */ = {isa = PBXFileReference; fileEncoding = 4; lastKnownFileType = sourcecode.swift; path = "AnalyticsManager.swift"; sourceTree = "<group>"; };
		547249C2AC2A91CAE63358ED /* Logger.swift */ = {isa = PBXFileReference; fileEncoding = 4; lastKnownFileType = sourcecode.swift; path = "Logger.swift"; sourceTree = "<group>"; };
		45D147E69F9CE51F4C164CAF /* LoggerLevel.swift */ = {isa = PBXFileReference; fileEncoding = 4; lastKnownFileType = sourcecode.swift; path = "LoggerLevel.swift"; sourceTree = "<group>"; };
		263A48469BC6B14B42735A91 /* Behavior.swift */ = {isa = PBXFileReference; fileEncoding = 4; lastKnownFileType = sourcecode.swift; path = "Behavior.swift"; sourceTree = "<group>"; };
		AB1348ADA5AB4978BD8215EF /* CreateBehavior.swift */ = {isa = PBXFileReference; fileEncoding = 4; lastKnownFileType = sourcecode.swift; path = "CreateBehavior.swift"; sourceTree = "<group>"; };
		6DC948CBA0BAF340B97E9425 /* FilterBehavior.swift */ = {isa = PBXFileReference; fileEncoding = 4; lastKnownFileType = sourcecode.swift; path = "FilterBehavior.swift"; sourceTree = "<group>"; };
		F9904F2E975893AB2FDCBC88 /* SearchBehavior.swift */ = {isa = PBXFileReference; fileEncoding = 4; lastKnownFileType = sourcecode.swift; path = "SearchBehavior.swift"; sourceTree = "<group>"; };
		92874EFA9B6312C5CF1BF82E /* UpdateBehavior.swift */ = {isa = PBXFileReference; fileEncoding = 4; lastKnownFileType = sourcecode.swift; path = "UpdateBehavior.swift"; sourceTree = "<group>"; };
		3B4E4659B4CEAC27D2EB2735 /* DeleteBehavior.swift */ = {isa = PBXFileReference; fileEncoding = 4; lastKnownFileType = sourcecode.swift; path = "DeleteBehavior.swift"; sourceTree = "<group>"; };
		6F7E460C93C197241A1E9AD2 /* ShareBehavior.swift */ = {isa = PBXFileReference; fileEncoding = 4; lastKnownFileType = sourcecode.swift; path = "ShareBehavior.swift"; sourceTree = "<group>"; };
		712C408E8A37178F217CAE50 /* CollectionViewController.swift */ = {isa = PBXFileReference; fileEncoding = 4; lastKnownFileType = sourcecode.swift; path = "CollectionViewController.swift"; sourceTree = "<group>"; };
		8430457384B1A1968B8B029A /* DataSetViewController.swift */ = {isa = PBXFileReference; fileEncoding = 4; lastKnownFileType = sourcecode.swift; path = "DataSetViewController.swift"; sourceTree = "<group>"; };
		3909406396AA8D6DBC226791 /* DataViewController.swift */ = {isa = PBXFileReference; fileEncoding = 4; lastKnownFileType = sourcecode.swift; path = "DataViewController.swift"; sourceTree = "<group>"; };
		C42A4BFA9244362E4151537A /* FilterViewController.swift */ = {isa = PBXFileReference; fileEncoding = 4; lastKnownFileType = sourcecode.swift; path = "FilterViewController.swift"; sourceTree = "<group>"; };
		F52B4282820CF004D0846C4E /* FormViewController.swift */ = {isa = PBXFileReference; fileEncoding = 4; lastKnownFileType = sourcecode.swift; path = "FormViewController.swift"; sourceTree = "<group>"; };
		14FB4F9088A2874AD423B071 /* InputViewController.swift */ = {isa = PBXFileReference; fileEncoding = 4; lastKnownFileType = sourcecode.swift; path = "InputViewController.swift"; sourceTree = "<group>"; };
		9BCC48F986E8D9B187136617 /* OptionsViewController.swift */ = {isa = PBXFileReference; fileEncoding = 4; lastKnownFileType = sourcecode.swift; path = "OptionsViewController.swift"; sourceTree = "<group>"; };
		119840ACAE32DB24B392B1CA /* SimpleCollectionViewController.swift */ = {isa = PBXFileReference; fileEncoding = 4; lastKnownFileType = sourcecode.swift; path = "SimpleCollectionViewController.swift"; sourceTree = "<group>"; };
		01D545F4A9E7807748DAC9AF /* SimpleTabBarController.swift */ = {isa = PBXFileReference; fileEncoding = 4; lastKnownFileType = sourcecode.swift; path = "SimpleTabBarController.swift"; sourceTree = "<group>"; };
		65F44EB1800DFC12E6113B9E /* StackViewController.swift */ = {isa = PBXFileReference; fileEncoding = 4; lastKnownFileType = sourcecode.swift; path = "StackViewController.swift"; sourceTree = "<group>"; };
		5AC2463FB11134ADB3E14C69 /* TableViewController.swift */ = {isa = PBXFileReference; fileEncoding = 4; lastKnownFileType = sourcecode.swift; path = "TableViewController.swift"; sourceTree = "<group>"; };
		49B841309B742D9D39AA8AB7 /* CloudDatasource.swift */ = {isa = PBXFileReference; fileEncoding = 4; lastKnownFileType = sourcecode.swift; path = "CloudDatasource.swift"; sourceTree = "<group>"; };
		73D24828A3009C4BA336FD7C /* CloudDatasourceFilter.swift */ = {isa = PBXFileReference; fileEncoding = 4; lastKnownFileType = sourcecode.swift; path = "CloudDatasourceFilter.swift"; sourceTree = "<group>"; };
		725B4E32A77096CCA84E770D /* Datasource.swift */ = {isa = PBXFileReference; fileEncoding = 4; lastKnownFileType = sourcecode.swift; path = "Datasource.swift"; sourceTree = "<group>"; };
		045441D2AEEF4ECBE2F8A84C /* DatasourceFilter.swift */ = {isa = PBXFileReference; fileEncoding = 4; lastKnownFileType = sourcecode.swift; path = "DatasourceFilter.swift"; sourceTree = "<group>"; };
		C7614632A3E4851D14C1A113 /* DatasourceOptions.swift */ = {isa = PBXFileReference; fileEncoding = 4; lastKnownFileType = sourcecode.swift; path = "DatasourceOptions.swift"; sourceTree = "<group>"; };
		F1CD456286725153311793CD /* ExternalDatasource.swift */ = {isa = PBXFileReference; fileEncoding = 4; lastKnownFileType = sourcecode.swift; path = "ExternalDatasource.swift"; sourceTree = "<group>"; };
		79AB4AAF8D77609F466F8769 /* ExternalDatasourceFilter.swift */ = {isa = PBXFileReference; fileEncoding = 4; lastKnownFileType = sourcecode.swift; path = "ExternalDatasourceFilter.swift"; sourceTree = "<group>"; };
		1D1D4A6E8916A3ADA1D1889F /* HttpClient.swift */ = {isa = PBXFileReference; fileEncoding = 4; lastKnownFileType = sourcecode.swift; path = "HttpClient.swift"; sourceTree = "<group>"; };
		23D64E5294B0045F887662FE /* Item.swift */ = {isa = PBXFileReference; fileEncoding = 4; lastKnownFileType = sourcecode.swift; path = "Item.swift"; sourceTree = "<group>"; };
		A8C545B48787676C325FD869 /* LocalDatasource.swift */ = {isa = PBXFileReference; fileEncoding = 4; lastKnownFileType = sourcecode.swift; path = "LocalDatasource.swift"; sourceTree = "<group>"; };
		F0DB425CBCF993994FE1D2DB /* LocalDatasourceFilter.swift */ = {isa = PBXFileReference; fileEncoding = 4; lastKnownFileType = sourcecode.swift; path = "LocalDatasourceFilter.swift"; sourceTree = "<group>"; };
		359349488109C4015FC7840D /* Annotation.swift */ = {isa = PBXFileReference; fileEncoding = 4; lastKnownFileType = sourcecode.swift; path = "Annotation.swift"; sourceTree = "<group>"; };
		5C1A4651B7A974CC00C378F3 /* DateRange.swift */ = {isa = PBXFileReference; fileEncoding = 4; lastKnownFileType = sourcecode.swift; path = "DateRange.swift"; sourceTree = "<group>"; };
		B60340E8841F835325447B97 /* GeoPoint.swift */ = {isa = PBXFileReference; fileEncoding = 4; lastKnownFileType = sourcecode.swift; path = "GeoPoint.swift"; sourceTree = "<group>"; };
		6C04400D87DE3C29DE1BCE8B /* MenuItem.swift */ = {isa = PBXFileReference; fileEncoding = 4; lastKnownFileType = sourcecode.swift; path = "MenuItem.swift"; sourceTree = "<group>"; };
		BB584164BAE6749F97CB9994 /* BasicAuthLoginService.swift */ = {isa = PBXFileReference; fileEncoding = 4; lastKnownFileType = sourcecode.swift; path = "BasicAuthLoginService.swift"; sourceTree = "<group>"; };
		7F4C47A5AD7AFB32386DFABB /* LoginManager.swift */ = {isa = PBXFileReference; fileEncoding = 4; lastKnownFileType = sourcecode.swift; path = "LoginManager.swift"; sourceTree = "<group>"; };
		E20042EAA13A65404B34B13D /* LoginResponse.swift */ = {isa = PBXFileReference; fileEncoding = 4; lastKnownFileType = sourcecode.swift; path = "LoginResponse.swift"; sourceTree = "<group>"; };
		6BB04DF685169E9EE69FE42E /* LoginService.swift */ = {isa = PBXFileReference; fileEncoding = 4; lastKnownFileType = sourcecode.swift; path = "LoginService.swift"; sourceTree = "<group>"; };
		371642D6AD1F541CCF822760 /* LoginViewController.swift */ = {isa = PBXFileReference; fileEncoding = 4; lastKnownFileType = sourcecode.swift; path = "LoginViewController.swift"; sourceTree = "<group>"; };
		5729427F9A28CD7B0ECDDBA4 /* LogoutAction.swift */ = {isa = PBXFileReference; fileEncoding = 4; lastKnownFileType = sourcecode.swift; path = "LogoutAction.swift"; sourceTree = "<group>"; };
		56F74095B2C0E7361769E81C /* LogoutBehavior.swift */ = {isa = PBXFileReference; fileEncoding = 4; lastKnownFileType = sourcecode.swift; path = "LogoutBehavior.swift"; sourceTree = "<group>"; };
		9D50465BBF71FCE9FA56EE62 /* ErrorManager.swift */ = {isa = PBXFileReference; fileEncoding = 4; lastKnownFileType = sourcecode.swift; path = "ErrorManager.swift"; sourceTree = "<group>"; };
		71A5496791465FAB50605516 /* LocationManager.swift */ = {isa = PBXFileReference; fileEncoding = 4; lastKnownFileType = sourcecode.swift; path = "LocationManager.swift"; sourceTree = "<group>"; };
		EA3C46898ADD3E025009BE61 /* NSDate+Additions.swift */ = {isa = PBXFileReference; fileEncoding = 4; lastKnownFileType = sourcecode.swift; path = "NSDate+Additions.swift"; sourceTree = "<group>"; };
		D36C4262A04CC0C48FE78D88 /* NSString+Additions.swift */ = {isa = PBXFileReference; fileEncoding = 4; lastKnownFileType = sourcecode.swift; path = "NSString+Additions.swift"; sourceTree = "<group>"; };
		DE95462C868D434BD29A4E8B /* String+Additions.swift */ = {isa = PBXFileReference; fileEncoding = 4; lastKnownFileType = sourcecode.swift; path = "String+Additions.swift"; sourceTree = "<group>"; };
		DA2441548772279C79A22477 /* UIColor+Additions.swift */ = {isa = PBXFileReference; fileEncoding = 4; lastKnownFileType = sourcecode.swift; path = "UIColor+Additions.swift"; sourceTree = "<group>"; };
		3B334F8FA0D0426357BE13F5 /* UIFont+Additions.swift */ = {isa = PBXFileReference; fileEncoding = 4; lastKnownFileType = sourcecode.swift; path = "UIFont+Additions.swift"; sourceTree = "<group>"; };
		AC4A4B37AECBA5010157ED65 /* UIImageView+Additions.swift */ = {isa = PBXFileReference; fileEncoding = 4; lastKnownFileType = sourcecode.swift; path = "UIImageView+Additions.swift"; sourceTree = "<group>"; };
		420D4FEEA9839823AC68E465 /* UITextField+Additions.swift */ = {isa = PBXFileReference; fileEncoding = 4; lastKnownFileType = sourcecode.swift; path = "UITextField+Additions.swift"; sourceTree = "<group>"; };
		5FF045D3AB97979472376CD5 /* UIView+Additions.swift */ = {isa = PBXFileReference; fileEncoding = 4; lastKnownFileType = sourcecode.swift; path = "UIView+Additions.swift"; sourceTree = "<group>"; };
		6E854A1D9C058DD8437F4503 /* UIViewController+Additions.swift */ = {isa = PBXFileReference; fileEncoding = 4; lastKnownFileType = sourcecode.swift; path = "UIViewController+Additions.swift"; sourceTree = "<group>"; };
		25B24A4A80929A44E1318FA7 /* ContainerView.swift */ = {isa = PBXFileReference; fileEncoding = 4; lastKnownFileType = sourcecode.swift; path = "ContainerView.swift"; sourceTree = "<group>"; };
		9B5A4ADDAE341B3F1EFD84E9 /* MosaicCell.swift */ = {isa = PBXFileReference; fileEncoding = 4; lastKnownFileType = sourcecode.swift; path = "MosaicCell.swift"; sourceTree = "<group>"; };
		C9A14B7287CD5D66F53371C9 /* PhotoCell.swift */ = {isa = PBXFileReference; fileEncoding = 4; lastKnownFileType = sourcecode.swift; path = "PhotoCell.swift"; sourceTree = "<group>"; };
		702F4409B2C1EE3F429679B0 /* BooleanField.swift */ = {isa = PBXFileReference; fileEncoding = 4; lastKnownFileType = sourcecode.swift; path = "BooleanField.swift"; sourceTree = "<group>"; };
		0077408882631B57ED8792A0 /* DateField.swift */ = {isa = PBXFileReference; fileEncoding = 4; lastKnownFileType = sourcecode.swift; path = "DateField.swift"; sourceTree = "<group>"; };
		17B7475B98CE33C0180D88B0 /* DateRangeField.swift */ = {isa = PBXFileReference; fileEncoding = 4; lastKnownFileType = sourcecode.swift; path = "DateRangeField.swift"; sourceTree = "<group>"; };
		2CC648A68515A0715FF2C052 /* DateRangeFilterField.swift */ = {isa = PBXFileReference; fileEncoding = 4; lastKnownFileType = sourcecode.swift; path = "DateRangeFilterField.swift"; sourceTree = "<group>"; };
		9ABB47ED9C22113A9C36905C /* DateTimeField.swift */ = {isa = PBXFileReference; fileEncoding = 4; lastKnownFileType = sourcecode.swift; path = "DateTimeField.swift"; sourceTree = "<group>"; };
		96F943188244F2EF440BD9AB /* DecimalField.swift */ = {isa = PBXFileReference; fileEncoding = 4; lastKnownFileType = sourcecode.swift; path = "DecimalField.swift"; sourceTree = "<group>"; };
		29C846998FDE0F7811E5ABCC /* Field.swift */ = {isa = PBXFileReference; fileEncoding = 4; lastKnownFileType = sourcecode.swift; path = "Field.swift"; sourceTree = "<group>"; };
		EAE246D39457AFC633AF68CA /* FilterField.swift */ = {isa = PBXFileReference; fileEncoding = 4; lastKnownFileType = sourcecode.swift; path = "FilterField.swift"; sourceTree = "<group>"; };
		A3094BCA8DE035488C7DB4E8 /* ImageField.swift */ = {isa = PBXFileReference; fileEncoding = 4; lastKnownFileType = sourcecode.swift; path = "ImageField.swift"; sourceTree = "<group>"; };
		21DD467BBEA217BECB39AB2B /* ImageInputView.swift */ = {isa = PBXFileReference; fileEncoding = 4; lastKnownFileType = sourcecode.swift; path = "ImageInputView.swift"; sourceTree = "<group>"; };
		4F0B4B37BFBF6B8E76FB5B51 /* IntegerField.swift */ = {isa = PBXFileReference; fileEncoding = 4; lastKnownFileType = sourcecode.swift; path = "IntegerField.swift"; sourceTree = "<group>"; };
		EE3343B0AD2C8D54A859E392 /* LocationField.swift */ = {isa = PBXFileReference; fileEncoding = 4; lastKnownFileType = sourcecode.swift; path = "LocationField.swift"; sourceTree = "<group>"; };
		9EDD4368A5F5BD782B050603 /* LocationInputView.swift */ = {isa = PBXFileReference; fileEncoding = 4; lastKnownFileType = sourcecode.swift; path = "LocationInputView.swift"; sourceTree = "<group>"; };
		3E4C410DBD0D9231E2614641 /* NumberFilterField.swift */ = {isa = PBXFileReference; fileEncoding = 4; lastKnownFileType = sourcecode.swift; path = "NumberFilterField.swift"; sourceTree = "<group>"; };
		C6AD4B3DA0403F390C5A9619 /* OptionsField.swift */ = {isa = PBXFileReference; fileEncoding = 4; lastKnownFileType = sourcecode.swift; path = "OptionsField.swift"; sourceTree = "<group>"; };
		BBB74A368FC5512C6C3ABB58 /* OptionsFilterField.swift */ = {isa = PBXFileReference; fileEncoding = 4; lastKnownFileType = sourcecode.swift; path = "OptionsFilterField.swift"; sourceTree = "<group>"; };
		8FB84685A38ABAB923FE5002 /* OptionsInputView.swift */ = {isa = PBXFileReference; fileEncoding = 4; lastKnownFileType = sourcecode.swift; path = "OptionsInputView.swift"; sourceTree = "<group>"; };
		13214249980178D0A05BC341 /* RangeInputView.swift */ = {isa = PBXFileReference; fileEncoding = 4; lastKnownFileType = sourcecode.swift; path = "RangeInputView.swift"; sourceTree = "<group>"; };
		100649D3890ECC3C19627013 /* Rules.swift */ = {isa = PBXFileReference; fileEncoding = 4; lastKnownFileType = sourcecode.swift; path = "Rules.swift"; sourceTree = "<group>"; };
		BF184AD784136D881D446E92 /* StringField.swift */ = {isa = PBXFileReference; fileEncoding = 4; lastKnownFileType = sourcecode.swift; path = "StringField.swift"; sourceTree = "<group>"; };
		67874AEEAECF17B74561CAC1 /* StringFilterField.swift */ = {isa = PBXFileReference; fileEncoding = 4; lastKnownFileType = sourcecode.swift; path = "StringFilterField.swift"; sourceTree = "<group>"; };
		BB944F8CBBF6800E103B62BB /* SwitchInputView.swift */ = {isa = PBXFileReference; fileEncoding = 4; lastKnownFileType = sourcecode.swift; path = "SwitchInputView.swift"; sourceTree = "<group>"; };
		F0AE494496791A32CC052894 /* TextInputView.swift */ = {isa = PBXFileReference; fileEncoding = 4; lastKnownFileType = sourcecode.swift; path = "TextInputView.swift"; sourceTree = "<group>"; };
		90944E0F9B7C87509636E874 /* TristateField.swift */ = {isa = PBXFileReference; fileEncoding = 4; lastKnownFileType = sourcecode.swift; path = "TristateField.swift"; sourceTree = "<group>"; };
		48DF495BB69D5E95A84F253F /* TristateInputView.swift */ = {isa = PBXFileReference; fileEncoding = 4; lastKnownFileType = sourcecode.swift; path = "TristateInputView.swift"; sourceTree = "<group>"; };
		C4E344BF881FC25A1AA70182 /* BasicCell.swift */ = {isa = PBXFileReference; fileEncoding = 4; lastKnownFileType = sourcecode.swift; path = "BasicCell.swift"; sourceTree = "<group>"; };
		C0204B23BD79D8D073BE892C /* BasicImageCell.swift */ = {isa = PBXFileReference; fileEncoding = 4; lastKnownFileType = sourcecode.swift; path = "BasicImageCell.swift"; sourceTree = "<group>"; };
		D9C84E1BA677D6825A9EEB81 /* DetailCell.swift */ = {isa = PBXFileReference; fileEncoding = 4; lastKnownFileType = sourcecode.swift; path = "DetailCell.swift"; sourceTree = "<group>"; };
		9E914701B9732424E01A0A6D /* DetailImageCell.swift */ = {isa = PBXFileReference; fileEncoding = 4; lastKnownFileType = sourcecode.swift; path = "DetailImageCell.swift"; sourceTree = "<group>"; };
		368B4AEFA67F9ED20219E400 /* InfoImageCell.swift */ = {isa = PBXFileReference; fileEncoding = 4; lastKnownFileType = sourcecode.swift; path = "InfoImageCell.swift"; sourceTree = "<group>"; };
		86DC410C9102E08DDDAD4CF5 /* AppDelegate.swift */ = {isa = PBXFileReference; fileEncoding = 4; lastKnownFileType = sourcecode.swift; path = "AppDelegate.swift"; sourceTree = "<group>"; };
		FE4340D59B4422E136DD45DA /* MainNavigation.swift */ = {isa = PBXFileReference; fileEncoding = 4; lastKnownFileType = sourcecode.swift; path = "MainNavigation.swift"; sourceTree = "<group>"; };
		6ECB418C8D267359FAAC0598 /* Style.swift */ = {isa = PBXFileReference; fileEncoding = 4; lastKnownFileType = sourcecode.swift; path = "Style.swift"; sourceTree = "<group>"; };
		2BF4425F9AE842B7D65B46CD /* StyleConfig.swift */ = {isa = PBXFileReference; fileEncoding = 4; lastKnownFileType = sourcecode.swift; path = "StyleConfig.swift"; sourceTree = "<group>"; };
		
/* End PBXFileReference section */

/* Begin PBXFrameworksBuildPhase section */
		BB8496811D3F74820093606A /* Frameworks */ = {
			isa = PBXFrameworksBuildPhase;
			buildActionMask = 2147483647;
			files = (
			);
			runOnlyForDeploymentPostprocessing = 0;
		};
		BB8496951D3F74820093606A /* Frameworks */ = {
			isa = PBXFrameworksBuildPhase;
			buildActionMask = 2147483647;
			files = (
			);
			runOnlyForDeploymentPostprocessing = 0;
		};
		BB8496A01D3F74820093606A /* Frameworks */ = {
			isa = PBXFrameworksBuildPhase;
			buildActionMask = 2147483647;
			files = (
			);
			runOnlyForDeploymentPostprocessing = 0;
		};
/* End PBXFrameworksBuildPhase section */

/* Begin PBXGroup section */
		BB84967B1D3F74820093606A = {
			isa = PBXGroup;
			children = (
				BB8496861D3F74820093606A /* DemoNov */,
				BB84969B1D3F74820093606A /* DemoNovTests */,
				BB8496A61D3F74820093606A /* DemoNovUITests */,
				BB8496851D3F74820093606A /* Products */,
			);
			sourceTree = "<group>";
		};
		BB8496851D3F74820093606A /* Products */ = {
			isa = PBXGroup;
			children = (
				BB8496841D3F74820093606A /* DemoNov.app */,
				BB8496981D3F74820093606A /* DemoNovTests.xctest */,
				BB8496A31D3F74820093606A /* DemoNovUITests.xctest */,
			);
			name = Products;
			sourceTree = "<group>";
		};
		BB84969B1D3F74820093606A /* DemoNovTests */ = {
			isa = PBXGroup;
			children = (
				BB84969C1D3F74820093606A /* DemoNovTests.swift */,
				BB84969E1D3F74820093606A /* Info.plist */,
			);
			path = DemoNovTests;
			sourceTree = "<group>";
		};
		BB8496A61D3F74820093606A /* DemoNovUITests */ = {
			isa = PBXGroup;
			children = (
				BB8496A71D3F74820093606A /* DemoNovUITests.swift */,
				BB8496A91D3F74820093606A /* Info.plist */,
			);
			path = DemoNovUITests;
			sourceTree = "<group>";
		};
		
		BB8496861D3F74820093606A /* DemoNov */ = {
			isa = PBXGroup;
			children = (
				BB84968E1D3F74820093606A /* Assets.xcassets */,
				E0394D968D8F126C3CBE186C /*  Core */,
				19BC42D8A4E0FE1A578C9FF7 /*  Controllers */,
				F16947FA8F9B78B6013F76F1 /*  Datasources */,
				2BCE45E2ADC44953FAD214E6 /*  Models */,
					
				86DC410C9102E08DDDAD4CF5 /*  AppDelegate.swift */,
				FE4340D59B4422E136DD45DA /*  MainNavigation.swift */,
				6ECB418C8D267359FAAC0598 /*  Style.swift */,
				2BF4425F9AE842B7D65B46CD /*  StyleConfig.swift */,
				BB8496901D3F74820093606A /* LaunchScreen.storyboard */,
				BB8496931D3F74820093606A /* Info.plist */,
				
				
			);
			path = DemoNov;
			sourceTree = "<group>";
		};
		E0394D968D8F126C3CBE186C /* Core */ = {
			isa = PBXGroup;
			children = (
				CF7B46CC844C7E8A15698DBA /*  Actions */,
				CC034DF4BA5214A68FA6EC15 /*  Analytics */,
				0EAF4BC8B9B347F5240C1E0D /*  Behaviors */,
				869B498194145C4F67986306 /*  Charts */,
				4B57425FBCCAAFBF863A39EC /*  Controllers */,
				55E54E9999E8EEA3BE36BD36 /*  Datasources */,
				08674663826197B2B3BAEEE6 /*  Models */,
				F0734F06A590B4230FC7772F /*  Security */,
				5ECE4B1B8DE80B065C2095E5 /*  Utils */,
				090049A3B44AFC16DE5572A0 /*  Views */,
		 
			);
			path = Core;
			sourceTree = "<group>";
		};
		19BC42D8A4E0FE1A578C9FF7 /* Controllers */ = {
			isa = PBXGroup;
			children = (
				F36045FD8DB778DBD09F57C6 /*  CustomViewController.swift */,
				06A34886AABA62683623F31C /*  ExpensesDetailViewController.swift */,
				114C4DB0ADF94233569A1F79 /*  ExpensesFormViewController.swift */,
				E8D34845A4693723E8B233F5 /*  ExpensesTrackerDetailViewController.swift */,
				19464850A7029217845FFECD /*  ExpensesTrackerViewController.swift */,
				217A46DFB55D2B1318BEB00F /*  ExpensesViewController.swift */,
				7A99469A8460127E5F781D1E /*  ExpenseTrackerFormViewController.swift */,
				038B40F3B8A6A33AC8980849 /*  MainMenuViewController.swift */,
		 
			);
			path = Controllers;
			sourceTree = "<group>";
		};
		F16947FA8F9B78B6013F76F1 /* Datasources */ = {
			isa = PBXGroup;
			children = (
				D1D7438CB812D4AF135225CC /*  DatasourceConfig.swift */,
				9F1F4EACABDEE02A0AE87D01 /*  DatasourceManager.swift */,
		 
			);
			path = Datasources;
			sourceTree = "<group>";
		};
		2BCE45E2ADC44953FAD214E6 /* Models */ = {
			isa = PBXGroup;
			children = (
				DA764F9C97CDB5CF3B4F51FA /*  CategoriesDSItem.swift */,
				FCB241ACA96AA650A708FB3B /*  ExpensesDSItem.swift */,
		 
			);
			path = Models;
			sourceTree = "<group>";
		};
		CF7B46CC844C7E8A15698DBA /* Actions */ = {
			isa = PBXGroup;
			children = (
				E79646358B242F18738F2FEF /*  Action.swift */,
				F8F2428A82D7DF7FDFFE389C /*  LinkAction.swift */,
				AF914DA2813E87ACA9D2CF01 /*  MailAction.swift */,
				06634386996CD2D940B21680 /*  MapAction.swift */,
				9EE7440E923663147378D138 /*  NavigationAction.swift */,
				4FF14DF5829B03EC7E8A0EA4 /*  NavigationPushAction.swift */,
				3C554138921AFA7857274253 /*  PhoneAction.swift */,
				5369493F887230E59107B12E /*  SlidingAction.swift */,
				75194710AEB909FB7D9329E2 /*  UriAction.swift */,
		 
			);
			path = Actions;
			sourceTree = "<group>";
		};
		CC034DF4BA5214A68FA6EC15 /* Analytics */ = {
			isa = PBXGroup;
			children = (
				EF474EDE8636B817DC6EDFFC /*  Analytics.swift */,
				E1BC40D9BF6C15E924C55AF3 /*  AnalyticsManager.swift */,
				547249C2AC2A91CAE63358ED /*  Logger.swift */,
				45D147E69F9CE51F4C164CAF /*  LoggerLevel.swift */,
		 
			);
			path = Analytics;
			sourceTree = "<group>";
		};
		0EAF4BC8B9B347F5240C1E0D /* Behaviors */ = {
			isa = PBXGroup;
			children = (
				263A48469BC6B14B42735A91 /*  Behavior.swift */,
				AB1348ADA5AB4978BD8215EF /*  CreateBehavior.swift */,
				6DC948CBA0BAF340B97E9425 /*  FilterBehavior.swift */,
				F9904F2E975893AB2FDCBC88 /*  SearchBehavior.swift */,
				92874EFA9B6312C5CF1BF82E /*  UpdateBehavior.swift */,
				3B4E4659B4CEAC27D2EB2735 /*  DeleteBehavior.swift */,
				6F7E460C93C197241A1E9AD2 /*  ShareBehavior.swift */,
		 
			);
			path = Behaviors;
			sourceTree = "<group>";
		};
		869B498194145C4F67986306 /* Charts */ = {
			isa = PBXGroup;
			children = (
		 
			);
			path = Charts;
			sourceTree = "<group>";
		};
		4B57425FBCCAAFBF863A39EC /* Controllers */ = {
			isa = PBXGroup;
			children = (
				712C408E8A37178F217CAE50 /*  CollectionViewController.swift */,
				8430457384B1A1968B8B029A /*  DataSetViewController.swift */,
				3909406396AA8D6DBC226791 /*  DataViewController.swift */,
				C42A4BFA9244362E4151537A /*  FilterViewController.swift */,
				F52B4282820CF004D0846C4E /*  FormViewController.swift */,
				14FB4F9088A2874AD423B071 /*  InputViewController.swift */,
				9BCC48F986E8D9B187136617 /*  OptionsViewController.swift */,
				119840ACAE32DB24B392B1CA /*  SimpleCollectionViewController.swift */,
				01D545F4A9E7807748DAC9AF /*  SimpleTabBarController.swift */,
				65F44EB1800DFC12E6113B9E /*  StackViewController.swift */,
				5AC2463FB11134ADB3E14C69 /*  TableViewController.swift */,
		 
			);
			path = Controllers;
			sourceTree = "<group>";
		};
		55E54E9999E8EEA3BE36BD36 /* Datasources */ = {
			isa = PBXGroup;
			children = (
				49B841309B742D9D39AA8AB7 /*  CloudDatasource.swift */,
				73D24828A3009C4BA336FD7C /*  CloudDatasourceFilter.swift */,
				725B4E32A77096CCA84E770D /*  Datasource.swift */,
				045441D2AEEF4ECBE2F8A84C /*  DatasourceFilter.swift */,
				C7614632A3E4851D14C1A113 /*  DatasourceOptions.swift */,
				F1CD456286725153311793CD /*  ExternalDatasource.swift */,
				79AB4AAF8D77609F466F8769 /*  ExternalDatasourceFilter.swift */,
				1D1D4A6E8916A3ADA1D1889F /*  HttpClient.swift */,
				23D64E5294B0045F887662FE /*  Item.swift */,
				A8C545B48787676C325FD869 /*  LocalDatasource.swift */,
				F0DB425CBCF993994FE1D2DB /*  LocalDatasourceFilter.swift */,
		 
			);
			path = Datasources;
			sourceTree = "<group>";
		};
		08674663826197B2B3BAEEE6 /* Models */ = {
			isa = PBXGroup;
			children = (
				359349488109C4015FC7840D /*  Annotation.swift */,
				5C1A4651B7A974CC00C378F3 /*  DateRange.swift */,
				B60340E8841F835325447B97 /*  GeoPoint.swift */,
				6C04400D87DE3C29DE1BCE8B /*  MenuItem.swift */,
		 
			);
			path = Models;
			sourceTree = "<group>";
		};
		F0734F06A590B4230FC7772F /* Security */ = {
			isa = PBXGroup;
			children = (
				BB584164BAE6749F97CB9994 /*  BasicAuthLoginService.swift */,
				7F4C47A5AD7AFB32386DFABB /*  LoginManager.swift */,
				E20042EAA13A65404B34B13D /*  LoginResponse.swift */,
				6BB04DF685169E9EE69FE42E /*  LoginService.swift */,
				371642D6AD1F541CCF822760 /*  LoginViewController.swift */,
				5729427F9A28CD7B0ECDDBA4 /*  LogoutAction.swift */,
				56F74095B2C0E7361769E81C /*  LogoutBehavior.swift */,
		 
			);
			path = Security;
			sourceTree = "<group>";
		};
		5ECE4B1B8DE80B065C2095E5 /* Utils */ = {
			isa = PBXGroup;
			children = (
				9D50465BBF71FCE9FA56EE62 /*  ErrorManager.swift */,
				71A5496791465FAB50605516 /*  LocationManager.swift */,
				EA3C46898ADD3E025009BE61 /*  NSDate+Additions.swift */,
				D36C4262A04CC0C48FE78D88 /*  NSString+Additions.swift */,
				DE95462C868D434BD29A4E8B /*  String+Additions.swift */,
				DA2441548772279C79A22477 /*  UIColor+Additions.swift */,
				3B334F8FA0D0426357BE13F5 /*  UIFont+Additions.swift */,
				AC4A4B37AECBA5010157ED65 /*  UIImageView+Additions.swift */,
				420D4FEEA9839823AC68E465 /*  UITextField+Additions.swift */,
				5FF045D3AB97979472376CD5 /*  UIView+Additions.swift */,
				6E854A1D9C058DD8437F4503 /*  UIViewController+Additions.swift */,
		 
			);
			path = Utils;
			sourceTree = "<group>";
		};
		090049A3B44AFC16DE5572A0 /* Views */ = {
			isa = PBXGroup;
			children = (
				9D0C47E0965303F29A336DE9 /*  CollectionViewCell */,
				B36A49DFAB0FA52B6E318B8D /*  Fields */,
				9FC64066B6D4CD4389B92BAD /*  TableViewCell */,
				25B24A4A80929A44E1318FA7 /*  ContainerView.swift */,
		 
			);
			path = Views;
			sourceTree = "<group>";
		};
		9D0C47E0965303F29A336DE9 /* CollectionViewCell */ = {
			isa = PBXGroup;
			children = (
				9B5A4ADDAE341B3F1EFD84E9 /*  MosaicCell.swift */,
				C9A14B7287CD5D66F53371C9 /*  PhotoCell.swift */,
		 
			);
			path = CollectionViewCell;
			sourceTree = "<group>";
		};
		B36A49DFAB0FA52B6E318B8D /* Fields */ = {
			isa = PBXGroup;
			children = (
				702F4409B2C1EE3F429679B0 /*  BooleanField.swift */,
				0077408882631B57ED8792A0 /*  DateField.swift */,
				17B7475B98CE33C0180D88B0 /*  DateRangeField.swift */,
				2CC648A68515A0715FF2C052 /*  DateRangeFilterField.swift */,
				9ABB47ED9C22113A9C36905C /*  DateTimeField.swift */,
				96F943188244F2EF440BD9AB /*  DecimalField.swift */,
				29C846998FDE0F7811E5ABCC /*  Field.swift */,
				EAE246D39457AFC633AF68CA /*  FilterField.swift */,
				A3094BCA8DE035488C7DB4E8 /*  ImageField.swift */,
				21DD467BBEA217BECB39AB2B /*  ImageInputView.swift */,
				4F0B4B37BFBF6B8E76FB5B51 /*  IntegerField.swift */,
				EE3343B0AD2C8D54A859E392 /*  LocationField.swift */,
				9EDD4368A5F5BD782B050603 /*  LocationInputView.swift */,
				3E4C410DBD0D9231E2614641 /*  NumberFilterField.swift */,
				C6AD4B3DA0403F390C5A9619 /*  OptionsField.swift */,
				BBB74A368FC5512C6C3ABB58 /*  OptionsFilterField.swift */,
				8FB84685A38ABAB923FE5002 /*  OptionsInputView.swift */,
				13214249980178D0A05BC341 /*  RangeInputView.swift */,
				100649D3890ECC3C19627013 /*  Rules.swift */,
				BF184AD784136D881D446E92 /*  StringField.swift */,
				67874AEEAECF17B74561CAC1 /*  StringFilterField.swift */,
				BB944F8CBBF6800E103B62BB /*  SwitchInputView.swift */,
				F0AE494496791A32CC052894 /*  TextInputView.swift */,
				90944E0F9B7C87509636E874 /*  TristateField.swift */,
				48DF495BB69D5E95A84F253F /*  TristateInputView.swift */,
		 
			);
			path = Fields;
			sourceTree = "<group>";
		};
		9FC64066B6D4CD4389B92BAD /* TableViewCell */ = {
			isa = PBXGroup;
			children = (
				C4E344BF881FC25A1AA70182 /*  BasicCell.swift */,
				C0204B23BD79D8D073BE892C /*  BasicImageCell.swift */,
				D9C84E1BA677D6825A9EEB81 /*  DetailCell.swift */,
				9E914701B9732424E01A0A6D /*  DetailImageCell.swift */,
				368B4AEFA67F9ED20219E400 /*  InfoImageCell.swift */,
		 
			);
			path = TableViewCell;
			sourceTree = "<group>";
		};
/* End PBXGroup section */

/* Begin PBXNativeTarget section */
		BB8496831D3F74820093606A /* DemoNov */ = {
			isa = PBXNativeTarget;
			buildConfigurationList = BB8496AC1D3F74820093606A /* Build configuration list for PBXNativeTarget "DemoNov" */;
			buildPhases = (
				BB8496801D3F74820093606A /* Sources */,
				BB8496811D3F74820093606A /* Frameworks */,
				BB8496821D3F74820093606A /* Resources */,
			);
			buildRules = (
			);
			dependencies = (
			);
			name = DemoNov;
			productName = DemoNov;
			productReference = BB8496841D3F74820093606A /* DemoNov.app */;
			productType = "com.apple.product-type.application";
		};
		BB8496971D3F74820093606A /* DemoNovTests */ = {
			isa = PBXNativeTarget;
			buildConfigurationList = BB8496AF1D3F74820093606A /* Build configuration list for PBXNativeTarget "DemoNovTests" */;
			buildPhases = (
				BB8496941D3F74820093606A /* Sources */,
				BB8496951D3F74820093606A /* Frameworks */,
				BB8496961D3F74820093606A /* Resources */,
			);
			buildRules = (
			);
			dependencies = (
				BB84969A1D3F74820093606A /* PBXTargetDependency */,
			);
			name = DemoNovTests;
			productName = DemoNovTests;
			productReference = BB8496981D3F74820093606A /* DemoNovTests.xctest */;
			productType = "com.apple.product-type.bundle.unit-test";
		};
		BB8496A21D3F74820093606A /* DemoNovUITests */ = {
			isa = PBXNativeTarget;
			buildConfigurationList = BB8496B21D3F74820093606A /* Build configuration list for PBXNativeTarget "DemoNovUITests" */;
			buildPhases = (
				BB84969F1D3F74820093606A /* Sources */,
				BB8496A01D3F74820093606A /* Frameworks */,
				BB8496A11D3F74820093606A /* Resources */,
			);
			buildRules = (
			);
			dependencies = (
				BB8496A51D3F74820093606A /* PBXTargetDependency */,
			);
			name = DemoNovUITests;
			productName = DemoNovUITests;
			productReference = BB8496A31D3F74820093606A /* DemoNovUITests.xctest */;
			productType = "com.apple.product-type.bundle.ui-testing";
		};
/* End PBXNativeTarget section */

/* Begin PBXProject section */
		BB84967C1D3F74820093606A /* Project object */ = {
			isa = PBXProject;
			attributes = {
				LastSwiftUpdateCheck = 0730;
				LastUpgradeCheck = 0800;
				ORGANIZATIONNAME = "Icinetic S.L.";
				TargetAttributes = {
					BB8496831D3F74820093606A = {
						CreatedOnToolsVersion = 7.3.1;
						
					};
					BB8496971D3F74820093606A = {
						CreatedOnToolsVersion = 7.3.1;
						TestTargetID = BB8496831D3F74820093606A;
					};
					BB8496A21D3F74820093606A = {
						CreatedOnToolsVersion = 7.3.1;
						TestTargetID = BB8496831D3F74820093606A;
					};
				};
			};
			buildConfigurationList = BB84967F1D3F74820093606A /* Build configuration list for PBXProject "DemoNov" */;
			compatibilityVersion = "Xcode 3.2";
			developmentRegion = English;
			hasScannedForEncodings = 0;
			knownRegions = (
				en,
				Base,
			);
			mainGroup = BB84967B1D3F74820093606A;
			productRefGroup = BB8496851D3F74820093606A /* Products */;
			projectDirPath = "";
			projectRoot = "";
			targets = (
				BB8496831D3F74820093606A /* DemoNov */,
				BB8496971D3F74820093606A /* DemoNovTests */,
				BB8496A21D3F74820093606A /* DemoNovUITests */,
			);
		};
/* End PBXProject section */

/* Begin PBXResourcesBuildPhase section */
		BB8496821D3F74820093606A /* Resources */ = {
			isa = PBXResourcesBuildPhase;
			buildActionMask = 2147483647;
			files = (
				BB8496921D3F74820093606A /* LaunchScreen.storyboard in Resources */,
				BB84968F1D3F74820093606A /* Assets.xcassets in Resources */,
			);
			runOnlyForDeploymentPostprocessing = 0;
		};
		BB8496961D3F74820093606A /* Resources */ = {
			isa = PBXResourcesBuildPhase;
			buildActionMask = 2147483647;
			files = (
			);
			runOnlyForDeploymentPostprocessing = 0;
		};
		BB8496A11D3F74820093606A /* Resources */ = {
			isa = PBXResourcesBuildPhase;
			buildActionMask = 2147483647;
			files = (
			);
			runOnlyForDeploymentPostprocessing = 0;
		};
/* End PBXResourcesBuildPhase section */

/* Begin PBXSourcesBuildPhase section */
		BB8496801D3F74820093606A /* Sources */ = {
			isa = PBXSourcesBuildPhase;
			buildActionMask = 2147483647;
			files = (
				1EA74F6AA1BDA5C7F32188A1 /* CustomViewController.swift in Sources */,
				29C44034A18950802CEE76EB /* ExpensesDetailViewController.swift in Sources */,
				00434AFA8A7C4848D690519F /* ExpensesFormViewController.swift in Sources */,
				C95D4AD488931BC6FCBC622B /* ExpensesTrackerDetailViewController.swift in Sources */,
				A4B147E2872EC85DB1E6027E /* ExpensesTrackerViewController.swift in Sources */,
				46E948B5BA8189C93475249A /* ExpensesViewController.swift in Sources */,
				B06148F493A208F2B08CFF78 /* ExpenseTrackerFormViewController.swift in Sources */,
				7A9947EC9713A29B8E9F5AF2 /* MainMenuViewController.swift in Sources */,
				F1FD4272B96ACB7AAEAEC1A1 /* DatasourceConfig.swift in Sources */,
				648A4689AB972EAC6BAB5B91 /* DatasourceManager.swift in Sources */,
				5C5F456DA3A03EE10BB2F831 /* CategoriesDSItem.swift in Sources */,
				CED340FB837A4B4C797A57CC /* ExpensesDSItem.swift in Sources */,
				F6A8439091AEB978F0FE20CD /* Action.swift in Sources */,
				899343A2835D6805F5F5B210 /* LinkAction.swift in Sources */,
				B4234699990C6AE0D7EA851D /* MailAction.swift in Sources */,
				926D48DBAA9A8F092469A0DD /* MapAction.swift in Sources */,
				CFB94BB49169CDFA27D9A1E5 /* NavigationAction.swift in Sources */,
				FA4A430295D9B40E62458066 /* NavigationPushAction.swift in Sources */,
				0B4E4F459AC5AC1641A3746E /* PhoneAction.swift in Sources */,
				EFC849BAABE16D65932BD560 /* SlidingAction.swift in Sources */,
				FFE740E1962D23D475185D88 /* UriAction.swift in Sources */,
				60B64665AEF046640600FCEC /* Analytics.swift in Sources */,
				46284BF8969B332B104579BB /* AnalyticsManager.swift in Sources */,
				43BF44ACAF7CFFD4FCD28ADD /* Logger.swift in Sources */,
				629C423DB9F8143D5CEFE68A /* LoggerLevel.swift in Sources */,
				7585440A80C2F1AEFEB37759 /* Behavior.swift in Sources */,
				E95E46B9A0B6BBFC0E282B3A /* CreateBehavior.swift in Sources */,
				E18642FB84C789C197BE24E6 /* FilterBehavior.swift in Sources */,
				6F05463AB539029B9BE69A5F /* SearchBehavior.swift in Sources */,
				94894C7FAD4A9F057EE2D837 /* UpdateBehavior.swift in Sources */,
				897F41E398F9755E0E6B735A /* DeleteBehavior.swift in Sources */,
				CB6B4DCFA2B1678C7D67DFAD /* ShareBehavior.swift in Sources */,
				3E2D45318213D6B62C341775 /* CollectionViewController.swift in Sources */,
				D60346FB9581B881C72D8A09 /* DataSetViewController.swift in Sources */,
				DC734954A0ADF1EE97DCBEAD /* DataViewController.swift in Sources */,
				621944ADADA8DC74FBE1B428 /* FilterViewController.swift in Sources */,
				BEC74B7A86E0E9B065376F9C /* FormViewController.swift in Sources */,
				11504CB69D287D852FCFD328 /* InputViewController.swift in Sources */,
				994542CFBF57E5F938CED143 /* OptionsViewController.swift in Sources */,
				59CD493BB04AC82DCF351742 /* SimpleCollectionViewController.swift in Sources */,
				0B01440BA777AC88154DBC9A /* SimpleTabBarController.swift in Sources */,
				16654664B64EC0FD6727FFEA /* StackViewController.swift in Sources */,
				58D64F29A4FCF6755644F193 /* TableViewController.swift in Sources */,
				A8244DE89EA2EEDDA4B0B212 /* CloudDatasource.swift in Sources */,
				0F2B4F05A4BD96A585EE6710 /* CloudDatasourceFilter.swift in Sources */,
				5E70410DBB2EE4F7424C6F95 /* Datasource.swift in Sources */,
				168D4EE7BB35DDAF19E4A28E /* DatasourceFilter.swift in Sources */,
				AF424166AE2B179008BCB175 /* DatasourceOptions.swift in Sources */,
				BFC14092859709C5DB65534B /* ExternalDatasource.swift in Sources */,
				82AE410BA89A10FE7338462B /* ExternalDatasourceFilter.swift in Sources */,
				F76C45FCB50CC523C060DFA0 /* HttpClient.swift in Sources */,
				DFB14A30AD00AADD5766D37D /* Item.swift in Sources */,
				B44246CEB45006C58103FFF7 /* LocalDatasource.swift in Sources */,
				5535494E9D72864402D88518 /* LocalDatasourceFilter.swift in Sources */,
				DF74464BB4373050C5BCDDA4 /* Annotation.swift in Sources */,
				78EF476FA01D0510E9CE67BD /* DateRange.swift in Sources */,
				03654CB68C90D96B00F65695 /* GeoPoint.swift in Sources */,
				79E14D7EB0D48B8704EACEA6 /* MenuItem.swift in Sources */,
				6DF84CD0B8EBE2B8B9D6F13E /* BasicAuthLoginService.swift in Sources */,
				B1044B4B90633DBB64C85CF4 /* LoginManager.swift in Sources */,
				0BB14EC7ABCF22E0375ABA01 /* LoginResponse.swift in Sources */,
				268B46B4A3F5351A35A09EFA /* LoginService.swift in Sources */,
				58E54DF3BF34FE733D2D60D8 /* LoginViewController.swift in Sources */,
				74E44115845F658693373B78 /* LogoutAction.swift in Sources */,
				47054CC6B345863064296173 /* LogoutBehavior.swift in Sources */,
				26164B259805E02B6211AC02 /* ErrorManager.swift in Sources */,
				BB3542B6987FA8B15C47F09B /* LocationManager.swift in Sources */,
				E544439AA2F6C84D6A7C4FB3 /* NSDate+Additions.swift in Sources */,
				204447DE94ACBABD5AC46804 /* NSString+Additions.swift in Sources */,
				81664D349D9FDC4DB2D5FF31 /* String+Additions.swift in Sources */,
				27984BB2A95A7E528332EBDD /* UIColor+Additions.swift in Sources */,
				B14F42CDB5CA702C9F064F28 /* UIFont+Additions.swift in Sources */,
				36DF42CC92E0C53657BBBEA4 /* UIImageView+Additions.swift in Sources */,
				A558431BA45EA1AE461CA4F6 /* UITextField+Additions.swift in Sources */,
				506F47F09BD6D8E74EFA4D7D /* UIView+Additions.swift in Sources */,
				EC384A7A99BC8CD33126F916 /* UIViewController+Additions.swift in Sources */,
				A357456582B218913697A737 /* ContainerView.swift in Sources */,
				AE4E4D2EB3A3DA6BCE0B6733 /* MosaicCell.swift in Sources */,
				27A24C00927BC7F0AEA0BB21 /* PhotoCell.swift in Sources */,
				62ED4733BFBE34C2A65626EE /* BooleanField.swift in Sources */,
				BA664E5981875A758BE868B5 /* DateField.swift in Sources */,
				1C5840BE91DE3052480064C7 /* DateRangeField.swift in Sources */,
				371C4D92A82E530673CD1D33 /* DateRangeFilterField.swift in Sources */,
				53F44A7B9ABD052D184CE26F /* DateTimeField.swift in Sources */,
				DB734957B38D5A9E5A8A54C3 /* DecimalField.swift in Sources */,
				871A4A1497EFA32B9C4C4CE7 /* Field.swift in Sources */,
				16914BB894C87EE38C823622 /* FilterField.swift in Sources */,
				416D498DAB28725B6A5FA198 /* ImageField.swift in Sources */,
				C1D146A0B107E2A6038A8B07 /* ImageInputView.swift in Sources */,
				678E49C7B96F9BE4186D40F2 /* IntegerField.swift in Sources */,
				EC1E4F5FA26D55925061A673 /* LocationField.swift in Sources */,
				4F3F487FAABBBAEF81FED1F5 /* LocationInputView.swift in Sources */,
				D39E47FD974758A9D5B99D88 /* NumberFilterField.swift in Sources */,
				1E8545B79DF82802BA2A5333 /* OptionsField.swift in Sources */,
				E6224EF09E534A994A31A58A /* OptionsFilterField.swift in Sources */,
				784A4DC0AA84D2BF9A1C7524 /* OptionsInputView.swift in Sources */,
				18FB4ACAA13733E3D259D620 /* RangeInputView.swift in Sources */,
				475D48ABB84FF87A83AA48D9 /* Rules.swift in Sources */,
				A6B64075843CCAA126402EFE /* StringField.swift in Sources */,
				53A34B9A8658A8BBB2DDDF3D /* StringFilterField.swift in Sources */,
				090045A0930B7FF466653964 /* SwitchInputView.swift in Sources */,
				CFFB41E5A7022D4E9D2149ED /* TextInputView.swift in Sources */,
				FEF24BD2936FF7215021DBC8 /* TristateField.swift in Sources */,
				07204B359C8430391C2BD11C /* TristateInputView.swift in Sources */,
				C74F4EDCB0FC65670B70BE47 /* BasicCell.swift in Sources */,
				DF894E34A714BCAC22393B74 /* BasicImageCell.swift in Sources */,
				FB2A4DF3A2BA1B8E6B3F4ADE /* DetailCell.swift in Sources */,
				C447417B9C695B406B52B5B2 /* DetailImageCell.swift in Sources */,
				603D48C29B9BB5E6DEFBCAA8 /* InfoImageCell.swift in Sources */,
				F37E46919290C6132730A5EC /* AppDelegate.swift in Sources */,
				3428494EA40AB2B738C7CCD9 /* MainNavigation.swift in Sources */,
				C0854557BBDEFC23C5E83496 /* Style.swift in Sources */,
				6C3A4D9C92A65C812CBB37C5 /* StyleConfig.swift in Sources */,
					
			);
			runOnlyForDeploymentPostprocessing = 0;
		};
		BB8496941D3F74820093606A /* Sources */ = {
			isa = PBXSourcesBuildPhase;
			buildActionMask = 2147483647;
			files = (
				BB84969D1D3F74820093606A /* DemoNovTests.swift in Sources */,
			);
			runOnlyForDeploymentPostprocessing = 0;
		};
		BB84969F1D3F74820093606A /* Sources */ = {
			isa = PBXSourcesBuildPhase;
			buildActionMask = 2147483647;
			files = (
				BB8496A81D3F74820093606A /* DemoNovUITests.swift in Sources */,
			);
			runOnlyForDeploymentPostprocessing = 0;
		};
/* End PBXSourcesBuildPhase section */

/* Begin PBXTargetDependency section */
		BB84969A1D3F74820093606A /* PBXTargetDependency */ = {
			isa = PBXTargetDependency;
			target = BB8496831D3F74820093606A /* DemoNov */;
			targetProxy = BB8496991D3F74820093606A /* PBXContainerItemProxy */;
		};
		BB8496A51D3F74820093606A /* PBXTargetDependency */ = {
			isa = PBXTargetDependency;
			target = BB8496831D3F74820093606A /* DemoNov */;
			targetProxy = BB8496A41D3F74820093606A /* PBXContainerItemProxy */;
		};
/* End PBXTargetDependency section */

/* Begin PBXVariantGroup section */
		BB8496901D3F74820093606A /* LaunchScreen.storyboard */ = {
			isa = PBXVariantGroup;
			children = (
				BB8496911D3F74820093606A /* Base */,
			);
			name = LaunchScreen.storyboard;
			sourceTree = "<group>";
		};
/* End PBXVariantGroup section */

/* Begin XCBuildConfiguration section */
		BB8496AA1D3F74820093606A /* Debug */ = {
			isa = XCBuildConfiguration;
			buildSettings = {
				ALWAYS_SEARCH_USER_PATHS = NO;
				CLANG_ANALYZER_NONNULL = YES;
				CLANG_CXX_LANGUAGE_STANDARD = "gnu++0x";
				CLANG_CXX_LIBRARY = "libc++";
				CLANG_ENABLE_MODULES = YES;
				CLANG_ENABLE_OBJC_ARC = YES;
				CLANG_WARN_BOOL_CONVERSION = YES;
				CLANG_WARN_CONSTANT_CONVERSION = YES;
				CLANG_WARN_DIRECT_OBJC_ISA_USAGE = YES_ERROR;
				CLANG_WARN_EMPTY_BODY = YES;
				CLANG_WARN_ENUM_CONVERSION = YES;
				CLANG_WARN_INFINITE_RECURSION = YES;
				CLANG_WARN_INT_CONVERSION = YES;
				CLANG_WARN_OBJC_ROOT_CLASS = YES_ERROR;
				CLANG_WARN_SUSPICIOUS_MOVE = YES;
				CLANG_WARN_UNREACHABLE_CODE = YES;
				CLANG_WARN__DUPLICATE_METHOD_MATCH = YES;
				"CODE_SIGN_IDENTITY[sdk=iphoneos*]" = "iPhone Developer";
				COPY_PHASE_STRIP = NO;
				DEBUG_INFORMATION_FORMAT = dwarf;
				ENABLE_STRICT_OBJC_MSGSEND = YES;
				ENABLE_TESTABILITY = YES;
				GCC_C_LANGUAGE_STANDARD = gnu99;
				GCC_DYNAMIC_NO_PIC = NO;
				GCC_NO_COMMON_BLOCKS = YES;
				GCC_OPTIMIZATION_LEVEL = 0;
				GCC_PREPROCESSOR_DEFINITIONS = (
					"DEBUG=1",
					"$(inherited)",
				);
				GCC_WARN_64_TO_32_BIT_CONVERSION = YES;
				GCC_WARN_ABOUT_RETURN_TYPE = YES_ERROR;
				GCC_WARN_UNDECLARED_SELECTOR = YES;
				GCC_WARN_UNINITIALIZED_AUTOS = YES_AGGRESSIVE;
				GCC_WARN_UNUSED_FUNCTION = YES;
				GCC_WARN_UNUSED_VARIABLE = YES;
				IPHONEOS_DEPLOYMENT_TARGET = 8.0;
				MTL_ENABLE_DEBUG_INFO = YES;
				ONLY_ACTIVE_ARCH = YES;
				SDKROOT = iphoneos;
				SWIFT_OPTIMIZATION_LEVEL = "-Onone";
				SWIFT_VERSION = 2.3;
				TARGETED_DEVICE_FAMILY = "1,2";
			};
			name = Debug;
		};
		BB8496AB1D3F74820093606A /* Release */ = {
			isa = XCBuildConfiguration;
			buildSettings = {
				ALWAYS_SEARCH_USER_PATHS = NO;
				CLANG_ANALYZER_NONNULL = YES;
				CLANG_CXX_LANGUAGE_STANDARD = "gnu++0x";
				CLANG_CXX_LIBRARY = "libc++";
				CLANG_ENABLE_MODULES = YES;
				CLANG_ENABLE_OBJC_ARC = YES;
				CLANG_WARN_BOOL_CONVERSION = YES;
				CLANG_WARN_CONSTANT_CONVERSION = YES;
				CLANG_WARN_DIRECT_OBJC_ISA_USAGE = YES_ERROR;
				CLANG_WARN_EMPTY_BODY = YES;
				CLANG_WARN_ENUM_CONVERSION = YES;
				CLANG_WARN_INFINITE_RECURSION = YES;
				CLANG_WARN_INT_CONVERSION = YES;
				CLANG_WARN_OBJC_ROOT_CLASS = YES_ERROR;
				CLANG_WARN_SUSPICIOUS_MOVE = YES;
				CLANG_WARN_UNREACHABLE_CODE = YES;
				CLANG_WARN__DUPLICATE_METHOD_MATCH = YES;
				"CODE_SIGN_IDENTITY[sdk=iphoneos*]" = "iPhone Distribution";
				COPY_PHASE_STRIP = NO;
				DEBUG_INFORMATION_FORMAT = "dwarf-with-dsym";
				ENABLE_NS_ASSERTIONS = NO;
				ENABLE_STRICT_OBJC_MSGSEND = YES;
				GCC_C_LANGUAGE_STANDARD = gnu99;
				GCC_NO_COMMON_BLOCKS = YES;
				GCC_OPTIMIZATION_LEVEL = 0;
				GCC_WARN_64_TO_32_BIT_CONVERSION = YES;
				GCC_WARN_ABOUT_RETURN_TYPE = YES_ERROR;
				GCC_WARN_UNDECLARED_SELECTOR = YES;
				GCC_WARN_UNINITIALIZED_AUTOS = YES_AGGRESSIVE;
				GCC_WARN_UNUSED_FUNCTION = YES;
				GCC_WARN_UNUSED_VARIABLE = YES;
				IPHONEOS_DEPLOYMENT_TARGET = 8.0;
				MTL_ENABLE_DEBUG_INFO = NO;
				SDKROOT = iphoneos;
				SWIFT_OPTIMIZATION_LEVEL = "-Owholemodule";
				SWIFT_VERSION = 2.3;
				TARGETED_DEVICE_FAMILY = "1,2";
				VALIDATE_PRODUCT = YES;
			};
			name = Release;
		};
		BB8496AD1D3F74820093606A /* Debug */ = {
			isa = XCBuildConfiguration;
			buildSettings = {
				ALWAYS_EMBED_SWIFT_STANDARD_LIBRARIES = YES;
				ASSETCATALOG_COMPILER_APPICON_NAME = AppIcon;
				
				ENABLE_BITCODE = YES;
				INFOPLIST_FILE = DemoNov/Info.plist;
				LD_RUNPATH_SEARCH_PATHS = "$(inherited) @executable_path/Frameworks";
				OTHER_SWIFT_FLAGS = "$(inherited) -Xfrontend -debug-time-function-bodies";
				PRODUCT_BUNDLE_IDENTIFIER = com.ibm.mobileappbuilder.demonov20161104124234;
				PRODUCT_NAME = "$(TARGET_NAME)";
				SWIFT_VERSION = 2.3;
			};
			name = Debug;
		};
		BB8496AE1D3F74820093606A /* Release */ = {
			isa = XCBuildConfiguration;
			buildSettings = {
				ALWAYS_EMBED_SWIFT_STANDARD_LIBRARIES = YES;
				ASSETCATALOG_COMPILER_APPICON_NAME = AppIcon;
	
				ENABLE_BITCODE = YES;
				INFOPLIST_FILE = DemoNov/Info.plist;
				LD_RUNPATH_SEARCH_PATHS = "$(inherited) @executable_path/Frameworks";
				OTHER_SWIFT_FLAGS = "$(inherited) -Xfrontend -debug-time-function-bodies";
				PRODUCT_BUNDLE_IDENTIFIER = com.ibm.mobileappbuilder.demonov20161104124234;
				PRODUCT_NAME = "$(TARGET_NAME)";
				SWIFT_VERSION = 2.3;
			};
			name = Release;
		};
		BB8496B01D3F74820093606A /* Debug */ = {
			isa = XCBuildConfiguration;
			buildSettings = {
				BUNDLE_LOADER = "$(TEST_HOST)";
				INFOPLIST_FILE = DemoNovTests/Info.plist;
				LD_RUNPATH_SEARCH_PATHS = "$(inherited) @executable_path/Frameworks @loader_path/Frameworks";
				PRODUCT_BUNDLE_IDENTIFIER = com.ibm.mobileappbuilder.demonov20161104124234;
				PRODUCT_NAME = "$(TARGET_NAME)";
				SWIFT_VERSION = 2.3;
				TEST_HOST = "$(BUILT_PRODUCTS_DIR)/DemoNov.app/DemoNov";
			};
			name = Debug;
		};
		BB8496B11D3F74820093606A /* Release */ = {
			isa = XCBuildConfiguration;
			buildSettings = {
				BUNDLE_LOADER = "$(TEST_HOST)";
				INFOPLIST_FILE = DemoNovTests/Info.plist;
				LD_RUNPATH_SEARCH_PATHS = "$(inherited) @executable_path/Frameworks @loader_path/Frameworks";
				PRODUCT_BUNDLE_IDENTIFIER = com.ibm.mobileappbuilder.demonov20161104124234;
				PRODUCT_NAME = "$(TARGET_NAME)";
				SWIFT_VERSION = 2.3;
				TEST_HOST = "$(BUILT_PRODUCTS_DIR)/DemoNov.app/DemoNov";
			};
			name = Release;
		};
		BB8496B31D3F74820093606A /* Debug */ = {
			isa = XCBuildConfiguration;
			buildSettings = {
				INFOPLIST_FILE = DemoNovUITests/Info.plist;
				LD_RUNPATH_SEARCH_PATHS = "$(inherited) @executable_path/Frameworks @loader_path/Frameworks";
				PRODUCT_BUNDLE_IDENTIFIER = DemoNov.DemoNov;
				PRODUCT_NAME = "$(TARGET_NAME)";
				SWIFT_VERSION = 2.3;
				TEST_TARGET_NAME = DemoNov;
			};
			name = Debug;
		};
		BB8496B41D3F74820093606A /* Release */ = {
			isa = XCBuildConfiguration;
			buildSettings = {
				INFOPLIST_FILE = DemoNovUITests/Info.plist;
				LD_RUNPATH_SEARCH_PATHS = "$(inherited) @executable_path/Frameworks @loader_path/Frameworks";
				PRODUCT_BUNDLE_IDENTIFIER = com.ibm.mobileappbuilder.demonov20161104124234;
				PRODUCT_NAME = "$(TARGET_NAME)";
				SWIFT_VERSION = 2.3;
				TEST_TARGET_NAME = DemoNov;
			};
			name = Release;
		};
/* End XCBuildConfiguration section */

/* Begin XCConfigurationList section */
		BB84967F1D3F74820093606A /* Build configuration list for PBXProject "DemoNov" */ = {
			isa = XCConfigurationList;
			buildConfigurations = (
				BB8496AA1D3F74820093606A /* Debug */,
				BB8496AB1D3F74820093606A /* Release */,
			);
			defaultConfigurationIsVisible = 0;
			defaultConfigurationName = Release;
		};
		BB8496AC1D3F74820093606A /* Build configuration list for PBXNativeTarget "DemoNov" */ = {
			isa = XCConfigurationList;
			buildConfigurations = (
				BB8496AD1D3F74820093606A /* Debug */,
				BB8496AE1D3F74820093606A /* Release */,
			);
			defaultConfigurationIsVisible = 0;
			defaultConfigurationName = Release;
		};
		BB8496AF1D3F74820093606A /* Build configuration list for PBXNativeTarget "DemoNovTests" */ = {
			isa = XCConfigurationList;
			buildConfigurations = (
				BB8496B01D3F74820093606A /* Debug */,
				BB8496B11D3F74820093606A /* Release */,
			);
			defaultConfigurationIsVisible = 0;
			defaultConfigurationName = Release;
		};
		BB8496B21D3F74820093606A /* Build configuration list for PBXNativeTarget "DemoNovUITests" */ = {
			isa = XCConfigurationList;
			buildConfigurations = (
				BB8496B31D3F74820093606A /* Debug */,
				BB8496B41D3F74820093606A /* Release */,
			);
			defaultConfigurationIsVisible = 0;
			defaultConfigurationName = Release;
		};
/* End XCConfigurationList section */
	};
	rootObject = BB84967C1D3F74820093606A /* Project object */;
}
