// !$*UTF8*$!
{
	archiveVersion = 1;
	classes = {
	};
	objectVersion = 46;
	objects = {

/* Begin PBXBuildFile section */
		BB84968F1D3F74820093606A /* Assets.xcassets in Resources */ = {isa = PBXBuildFile; fileRef = BB84968E1D3F74820093606A /* Assets.xcassets */; };
		BB8496921D3F74820093606A /* LaunchScreen.storyboard in Resources */ = {isa = PBXBuildFile; fileRef = BB8496901D3F74820093606A /* LaunchScreen.storyboard */; };
		BB84969D1D3F74820093606A /* DemoNovTests.swift in Sources */ = {isa = PBXBuildFile; fileRef = BB84969C1D3F74820093606A /* DemoNovTests.swift */; };
		BB8496A81D3F74820093606A /* DemoNovUITests.swift in Sources */ = {isa = PBXBuildFile; fileRef = BB8496A71D3F74820093606A /* DemoNovUITests.swift */; };		
		7DC34148961E98B0737D631C /* EmptyDatasource.plist in Resources */ = {isa = PBXBuildFile; fileRef = FEFF4C3CA7E32266F5ECD600 /* EmptyDatasource.plist */; };
		BF164ABCB3CB6E4DDCB1F745 /* CustomViewController.swift in Sources */ = {isa = PBXBuildFile; fileRef = 66B34B8C974E1C24E7DE22FA /* CustomViewController.swift */; };
		527A4E2A92D7DF1D8930CEC7 /* ExpensesDetailViewController.swift in Sources */ = {isa = PBXBuildFile; fileRef = E4C54516BB5CBE338CE2EF08 /* ExpensesDetailViewController.swift */; };
		16A34EB9AF5903DC74551130 /* ExpensesFormViewController.swift in Sources */ = {isa = PBXBuildFile; fileRef = 5716465B9810969336217167 /* ExpensesFormViewController.swift */; };
		41F64F0FB8C16764231A87AB /* ExpensesViewController.swift in Sources */ = {isa = PBXBuildFile; fileRef = F3C84CC4B71DD3CEE811E205 /* ExpensesViewController.swift */; };
		AD5D44EEAA6DCC8669074B43 /* ExpenseTrackerFormViewController.swift in Sources */ = {isa = PBXBuildFile; fileRef = DE9E493C90BDCE24DE6592FF /* ExpenseTrackerFormViewController.swift */; };
		90834D8AA2EA5090D8401E5F /* MainMenuViewController.swift in Sources */ = {isa = PBXBuildFile; fileRef = 73484866A9DD3783E61E796E /* MainMenuViewController.swift */; };
		083B4EC5A54DFC2E1524EA9B /* MyExpensesTrackerMenuItem1DetailViewController.swift in Sources */ = {isa = PBXBuildFile; fileRef = E9854C058DD47C2E08288FE5 /* MyExpensesTrackerMenuItem1DetailViewController.swift */; };
		DB924CE09949672AD9FB159D /* MyExpensesTrackerMenuItem1ViewController.swift in Sources */ = {isa = PBXBuildFile; fileRef = 7FB24630B89186C6B5B158E3 /* MyExpensesTrackerMenuItem1ViewController.swift */; };
		A71746DAB2B8BFC7638D0C77 /* NuevaListaViewController.swift in Sources */ = {isa = PBXBuildFile; fileRef = B1254B258674BFA4847C7F6B /* NuevaListaViewController.swift */; };
		B8D1405FAD27BBEDEF5922F4 /* DatasourceConfig.swift in Sources */ = {isa = PBXBuildFile; fileRef = 15144972B04F0CFA76B5F656 /* DatasourceConfig.swift */; };
		E6B64FD6BE47072C70DCBD8A /* DatasourceManager.swift in Sources */ = {isa = PBXBuildFile; fileRef = 4F2A4C04A4CED2A61A9D26AF /* DatasourceManager.swift */; };
		0E62490DAEF8702988073F9F /* CategoriesDSItem.swift in Sources */ = {isa = PBXBuildFile; fileRef = 2CC843D095DA1B3CC51FB076 /* CategoriesDSItem.swift */; };
		5B1B431C99FC6499CFB5D741 /* ExpensesDSItem.swift in Sources */ = {isa = PBXBuildFile; fileRef = 24BE42BF948320EF432B2F4F /* ExpensesDSItem.swift */; };
		418C4E9CB9EE6BCC642EDDA8 /* Item1.swift in Sources */ = {isa = PBXBuildFile; fileRef = 97F24C49A321DF31207D089F /* Item1.swift */; };
		1A40489BA45B630719326EC8 /* Action.swift in Sources */ = {isa = PBXBuildFile; fileRef = E5D34532A9654D5C60B8D99E /* Action.swift */; };
		4DCD44328ADC5367FAD14105 /* LinkAction.swift in Sources */ = {isa = PBXBuildFile; fileRef = 2B3F42B6BC82C82A809BA7CB /* LinkAction.swift */; };
		F7B54D62967651D7226F3D21 /* MailAction.swift in Sources */ = {isa = PBXBuildFile; fileRef = D57D494F830CF0A168240ED1 /* MailAction.swift */; };
		5CF4479892BCE13C05D5DBCE /* MapAction.swift in Sources */ = {isa = PBXBuildFile; fileRef = FC974266933D91D81551BEEB /* MapAction.swift */; };
		5DDB428BA980643DDC396053 /* NavigationAction.swift in Sources */ = {isa = PBXBuildFile; fileRef = 27404BF98EA79DC21069196A /* NavigationAction.swift */; };
		448D49069CC16551FAECE8C8 /* NavigationPushAction.swift in Sources */ = {isa = PBXBuildFile; fileRef = E3484CE9AFB9D32F82FA204E /* NavigationPushAction.swift */; };
		0C2C4AAFBE25302762129681 /* PhoneAction.swift in Sources */ = {isa = PBXBuildFile; fileRef = 041C47D6AFF231932117C6C2 /* PhoneAction.swift */; };
		C0CE4C5FB04F52F99BAA4C1D /* SlidingAction.swift in Sources */ = {isa = PBXBuildFile; fileRef = 939242848593867751F6CBC8 /* SlidingAction.swift */; };
		248B4190931EB1789B0D52BE /* UriAction.swift in Sources */ = {isa = PBXBuildFile; fileRef = 7D9248A0BEA8783C535E9A2D /* UriAction.swift */; };
		C6E844639AF235767ADE7C8E /* Analytics.swift in Sources */ = {isa = PBXBuildFile; fileRef = E72B4E678721766A5E1D744F /* Analytics.swift */; };
		21674FABAEE4F8C836CF3628 /* AnalyticsManager.swift in Sources */ = {isa = PBXBuildFile; fileRef = 6AE74529A4BFF8797F7791A0 /* AnalyticsManager.swift */; };
		AD9A4402B9A8EA04EF7C3986 /* Logger.swift in Sources */ = {isa = PBXBuildFile; fileRef = EF7241528722058722053378 /* Logger.swift */; };
		457D48C9B368327DCDF808FE /* LoggerLevel.swift in Sources */ = {isa = PBXBuildFile; fileRef = DD6B494D8041F25D5C43FC6C /* LoggerLevel.swift */; };
		A5734901BBC4BDDA760B76C6 /* Behavior.swift in Sources */ = {isa = PBXBuildFile; fileRef = 61A84AD79888AC5105D93170 /* Behavior.swift */; };
		2E65457294A4A72129498F9A /* CreateBehavior.swift in Sources */ = {isa = PBXBuildFile; fileRef = 12DF49F0B068DEF1FD626587 /* CreateBehavior.swift */; };
		DAD0408D9E3B56408F98A800 /* FilterBehavior.swift in Sources */ = {isa = PBXBuildFile; fileRef = EE38402FAB1819CE965C0851 /* FilterBehavior.swift */; };
		D5F44FBF94E1B70FF5EA9BD2 /* SearchBehavior.swift in Sources */ = {isa = PBXBuildFile; fileRef = 2E8248E48EA4D443F127E9B9 /* SearchBehavior.swift */; };
		01454D67964FFA2C81FA9032 /* UpdateBehavior.swift in Sources */ = {isa = PBXBuildFile; fileRef = 51B04E6AB34B2FA4B2333484 /* UpdateBehavior.swift */; };
		A2294EA39B76F13EC2A87BB8 /* DeleteBehavior.swift in Sources */ = {isa = PBXBuildFile; fileRef = F2FE46BE938A66755156CD80 /* DeleteBehavior.swift */; };
		FD0B438480BCFEB2C0E19B3B /* ShareBehavior.swift in Sources */ = {isa = PBXBuildFile; fileRef = D33C43029B2E6FB14FBDFBD1 /* ShareBehavior.swift */; };
		DBA8408F9622E3283D776169 /* CollectionViewController.swift in Sources */ = {isa = PBXBuildFile; fileRef = 9AF24CABBD01339E522103DE /* CollectionViewController.swift */; };
		FC39499C9309D7155FFBFED6 /* DataSetViewController.swift in Sources */ = {isa = PBXBuildFile; fileRef = F60F4983B88D790F494450CD /* DataSetViewController.swift */; };
		375D4A29A4888E9E7108D659 /* DataViewController.swift in Sources */ = {isa = PBXBuildFile; fileRef = F85D4FAAB288CFDE121AADC7 /* DataViewController.swift */; };
		6C4C495BA4BE97CB7AAA2622 /* FilterViewController.swift in Sources */ = {isa = PBXBuildFile; fileRef = D6244A099CBA67FA8D285821 /* FilterViewController.swift */; };
		61BD424797469B1DACC73503 /* FormViewController.swift in Sources */ = {isa = PBXBuildFile; fileRef = C5A24ABA8ACE9CF0A9C6D68A /* FormViewController.swift */; };
		8157409FB57B68F281844C82 /* InputViewController.swift in Sources */ = {isa = PBXBuildFile; fileRef = 9C564576AF774461FF18238F /* InputViewController.swift */; };
		DF9D4901A1DB1909F86AE9A4 /* OptionsViewController.swift in Sources */ = {isa = PBXBuildFile; fileRef = E9024E8FBD47CADCA56223FC /* OptionsViewController.swift */; };
		807B4FFBB3557FBBE18E3A71 /* SimpleCollectionViewController.swift in Sources */ = {isa = PBXBuildFile; fileRef = 194C4EEE8BF216E9F40ADF86 /* SimpleCollectionViewController.swift */; };
		0BB04E4189A66066EAD863DE /* SimpleTabBarController.swift in Sources */ = {isa = PBXBuildFile; fileRef = F59D4B9EB99B3265A5569D22 /* SimpleTabBarController.swift */; };
		6E8942439F36C3B5F677B513 /* StackViewController.swift in Sources */ = {isa = PBXBuildFile; fileRef = 66D14FF989ECD7CCFD8AA04D /* StackViewController.swift */; };
		9B7547538BF67A941984EA4E /* TableViewController.swift in Sources */ = {isa = PBXBuildFile; fileRef = 747D45C991A1DCE6C50AC974 /* TableViewController.swift */; };
		92DB44D58233B64B0D97DD63 /* CloudDatasource.swift in Sources */ = {isa = PBXBuildFile; fileRef = BC0844CAA054238A9646367B /* CloudDatasource.swift */; };
		A06945FEB0FED4EBF6BA423E /* CloudDatasourceFilter.swift in Sources */ = {isa = PBXBuildFile; fileRef = 3C2F4ABCA982A4AF57BF274D /* CloudDatasourceFilter.swift */; };
		821149E394F8865064B0FEC1 /* Datasource.swift in Sources */ = {isa = PBXBuildFile; fileRef = F0EC4053A9200174D91BEC3D /* Datasource.swift */; };
		807340148CBF87006904F78C /* DatasourceFilter.swift in Sources */ = {isa = PBXBuildFile; fileRef = FAAB440E97EDBE46D0096B05 /* DatasourceFilter.swift */; };
		663A46E9AFF075DA5BC5DEE6 /* DatasourceOptions.swift in Sources */ = {isa = PBXBuildFile; fileRef = 70DC44039972D43E7A36E3AC /* DatasourceOptions.swift */; };
		1AD94C26BD944B22960EBA92 /* ExternalDatasource.swift in Sources */ = {isa = PBXBuildFile; fileRef = E82F41DCA1C3BBE3B511C1C6 /* ExternalDatasource.swift */; };
		A31C44D28AC264D4940EE237 /* ExternalDatasourceFilter.swift in Sources */ = {isa = PBXBuildFile; fileRef = 545D4361B022D44F209E1B39 /* ExternalDatasourceFilter.swift */; };
		AAED49079CCABBC1F9BC540B /* HttpClient.swift in Sources */ = {isa = PBXBuildFile; fileRef = 1304493C94750E99ADFED99F /* HttpClient.swift */; };
		8F3744D98B0CA45869716CA8 /* Item.swift in Sources */ = {isa = PBXBuildFile; fileRef = BCD1449FB408119EC31354D7 /* Item.swift */; };
		92D944B0BB74EB4350EABE6C /* LocalDatasource.swift in Sources */ = {isa = PBXBuildFile; fileRef = A48948D48525FC79F64CD1C2 /* LocalDatasource.swift */; };
		59294103AAB2BF8389936522 /* LocalDatasourceFilter.swift in Sources */ = {isa = PBXBuildFile; fileRef = 5EA548E59380953FB2BF9E9B /* LocalDatasourceFilter.swift */; };
		CEA547AE8C5E3862E761BE40 /* Annotation.swift in Sources */ = {isa = PBXBuildFile; fileRef = F7C140979A5F7E5816CD5721 /* Annotation.swift */; };
		E6244C6488B9AEFCB22D1997 /* DateRange.swift in Sources */ = {isa = PBXBuildFile; fileRef = 66874E92830FD17A1FFCE7F2 /* DateRange.swift */; };
		960C4B2FAE0FA24E03E94CAD /* GeoPoint.swift in Sources */ = {isa = PBXBuildFile; fileRef = 26D6475D90F7B835A8D9ED91 /* GeoPoint.swift */; };
		8CF6482C8699EFEFE67B3667 /* MenuItem.swift in Sources */ = {isa = PBXBuildFile; fileRef = 274843568E3BFA1EFFE354D5 /* MenuItem.swift */; };
		475B447CBD223CA2DC88A12F /* BasicAuthLoginService.swift in Sources */ = {isa = PBXBuildFile; fileRef = 8EB243A1807B3B4F035398DB /* BasicAuthLoginService.swift */; };
		49274DC49C95ADC440982ACD /* LoginManager.swift in Sources */ = {isa = PBXBuildFile; fileRef = D95F43499DEF98C6A0A791CF /* LoginManager.swift */; };
		3EA44FB1947BB3E2FB0074A8 /* LoginResponse.swift in Sources */ = {isa = PBXBuildFile; fileRef = 30044B8DA36A7BD1729AF91B /* LoginResponse.swift */; };
		DED74250A2D437A3A6EEA3AE /* LoginService.swift in Sources */ = {isa = PBXBuildFile; fileRef = F66D424BB538C508D2E262F6 /* LoginService.swift */; };
		452944F5998A1B613D4A55AA /* LoginViewController.swift in Sources */ = {isa = PBXBuildFile; fileRef = D58649748BC3A17D0D22B8E7 /* LoginViewController.swift */; };
		991F4E8680EA099A4BDA579F /* LogoutAction.swift in Sources */ = {isa = PBXBuildFile; fileRef = 8F674044A9A64B7DA4839481 /* LogoutAction.swift */; };
		D1D9474385BFD0D8899810F1 /* LogoutBehavior.swift in Sources */ = {isa = PBXBuildFile; fileRef = 2A7042968ECD5D78BEF34AD4 /* LogoutBehavior.swift */; };
		96C64412A2FE8EE0EA502B68 /* ErrorManager.swift in Sources */ = {isa = PBXBuildFile; fileRef = 52E444E4976D75EC538E6A9E /* ErrorManager.swift */; };
		D6C7454B960F55DA5CF98A19 /* LocationManager.swift in Sources */ = {isa = PBXBuildFile; fileRef = BCDC4241B4DD558A962751AA /* LocationManager.swift */; };
		091841F99B744C417F8AFB4E /* NSDate+Additions.swift in Sources */ = {isa = PBXBuildFile; fileRef = 9C48490EA9E20493D94F215E /* NSDate+Additions.swift */; };
		F227451A83233077EF898E6B /* NSString+Additions.swift in Sources */ = {isa = PBXBuildFile; fileRef = 3CC94C48B53C603C36B21FC6 /* NSString+Additions.swift */; };
		610F4B358336B1C6884FE60F /* String+Additions.swift in Sources */ = {isa = PBXBuildFile; fileRef = 9CEB4A31918B54AB4B7CF89E /* String+Additions.swift */; };
		6B4B4C2E9B171AA7C6C335DA /* UIColor+Additions.swift in Sources */ = {isa = PBXBuildFile; fileRef = D78D4B09B151710309C8AD20 /* UIColor+Additions.swift */; };
		298845C7AC824D6E382CCE16 /* UIFont+Additions.swift in Sources */ = {isa = PBXBuildFile; fileRef = 2669404392FF0DD7F6734394 /* UIFont+Additions.swift */; };
		26D843FDBCAA3F43D7B4CC79 /* UIImageView+Additions.swift in Sources */ = {isa = PBXBuildFile; fileRef = BB9D468FBA2E1EFA3551B6ED /* UIImageView+Additions.swift */; };
		F782407BBAC49CFC80E360E6 /* UITextField+Additions.swift in Sources */ = {isa = PBXBuildFile; fileRef = DFA644FB88DE1211ED75DBE5 /* UITextField+Additions.swift */; };
		E90C40E29C2944CC471E7694 /* UIView+Additions.swift in Sources */ = {isa = PBXBuildFile; fileRef = E4904645AD3B9B4CB9241029 /* UIView+Additions.swift */; };
		C0F44D2EB8FC284FCF232DFF /* UIViewController+Additions.swift in Sources */ = {isa = PBXBuildFile; fileRef = AA954F9F936B073BFA005F65 /* UIViewController+Additions.swift */; };
		A5AA47D3A42DD7068A506E13 /* ContainerView.swift in Sources */ = {isa = PBXBuildFile; fileRef = 3DF04054947E3CC1CF2814DE /* ContainerView.swift */; };
		9AC247AA98DE533643C4DB30 /* MosaicCell.swift in Sources */ = {isa = PBXBuildFile; fileRef = 62E540288F776D793F178EE9 /* MosaicCell.swift */; };
		079A448F96601627B13EB081 /* PhotoCell.swift in Sources */ = {isa = PBXBuildFile; fileRef = 08AE476BBBAE5AC3FD6C23A5 /* PhotoCell.swift */; };
		F077430DA9B2E922C36F9263 /* BooleanField.swift in Sources */ = {isa = PBXBuildFile; fileRef = 70184BBC89B7894F05865459 /* BooleanField.swift */; };
		EA674729BC71EAEA828D2959 /* DateField.swift in Sources */ = {isa = PBXBuildFile; fileRef = 92724579B6AB65A878873EC6 /* DateField.swift */; };
		2E3B4DFDBC81D757359C00D4 /* DateRangeField.swift in Sources */ = {isa = PBXBuildFile; fileRef = DEEC43188C2557FB6C12BD57 /* DateRangeField.swift */; };
		32564820840AB72AB23E7188 /* DateRangeFilterField.swift in Sources */ = {isa = PBXBuildFile; fileRef = 312E402C9FA27DA032B2D3C5 /* DateRangeFilterField.swift */; };
		2E944D1BB172A187AAF3D660 /* DateTimeField.swift in Sources */ = {isa = PBXBuildFile; fileRef = 50354FDDB02926C28A728E91 /* DateTimeField.swift */; };
		B28E41C7849EE302FDACAACD /* DecimalField.swift in Sources */ = {isa = PBXBuildFile; fileRef = 3AAC4932A604D2CD7C471429 /* DecimalField.swift */; };
		461749169440D9C4E57D6657 /* Field.swift in Sources */ = {isa = PBXBuildFile; fileRef = C2BF408EAA53809361399E6E /* Field.swift */; };
		96DC4D488C18D78B7B92EA71 /* FilterField.swift in Sources */ = {isa = PBXBuildFile; fileRef = 16BF4F43A0F9E347B681574D /* FilterField.swift */; };
		F17F427DA6754DB00D4454CE /* ImageField.swift in Sources */ = {isa = PBXBuildFile; fileRef = 48A84BE58DB3F30FAE557264 /* ImageField.swift */; };
		F4244362A5E611F3537E5288 /* ImageInputView.swift in Sources */ = {isa = PBXBuildFile; fileRef = 36A74E8A832D0DC3C26C3D14 /* ImageInputView.swift */; };
		69A4444F90E26766CAA98307 /* IntegerField.swift in Sources */ = {isa = PBXBuildFile; fileRef = 835341C1A2065D57B88F9FC0 /* IntegerField.swift */; };
		AFC5414D9FB820669A634154 /* LocationField.swift in Sources */ = {isa = PBXBuildFile; fileRef = 87F44862855BC47F95F3A296 /* LocationField.swift */; };
		AEA14586B0CDF0E8D1B6EA06 /* LocationInputView.swift in Sources */ = {isa = PBXBuildFile; fileRef = 86204247B1229DF88CDB7F77 /* LocationInputView.swift */; };
		31054C7FB942797DD6CEC306 /* NumberFilterField.swift in Sources */ = {isa = PBXBuildFile; fileRef = 19104BFA949381A4B9224731 /* NumberFilterField.swift */; };
		05FD482890F8C2B1A8EF8626 /* OptionsField.swift in Sources */ = {isa = PBXBuildFile; fileRef = BCB24D669AD9C2267569394F /* OptionsField.swift */; };
		9E454CF3B3AAE2A3A84832D3 /* OptionsFilterField.swift in Sources */ = {isa = PBXBuildFile; fileRef = 6AC74A30BC761D9181FB4AB2 /* OptionsFilterField.swift */; };
		930D4F13B965215526DC1B6B /* OptionsInputView.swift in Sources */ = {isa = PBXBuildFile; fileRef = 893042F79CCD32C0A5F19246 /* OptionsInputView.swift */; };
		925D49BDA322047B01501A1D /* RangeInputView.swift in Sources */ = {isa = PBXBuildFile; fileRef = 92D4498C8C4E037AB1FBDA3C /* RangeInputView.swift */; };
		F1D147B988D55799A1FA43EC /* Rules.swift in Sources */ = {isa = PBXBuildFile; fileRef = AFCB4C448B4241CEC2DF4DD5 /* Rules.swift */; };
		E1AB4A2E88B4721FAAC49557 /* StringField.swift in Sources */ = {isa = PBXBuildFile; fileRef = 2FD145B08784AB81BA681328 /* StringField.swift */; };
		85D74FEA965CA40CFFDCADC1 /* StringFilterField.swift in Sources */ = {isa = PBXBuildFile; fileRef = 058A45769F6E203CC5497489 /* StringFilterField.swift */; };
		8FA149029BA5BEC75DA16CCF /* SwitchInputView.swift in Sources */ = {isa = PBXBuildFile; fileRef = 1C3B4E898BB4F023169B46B7 /* SwitchInputView.swift */; };
		790943E983C4A2103405945C /* TextInputView.swift in Sources */ = {isa = PBXBuildFile; fileRef = BF9A4DEF99CD547D4A5B8A0D /* TextInputView.swift */; };
		73944B3FBA141CA0A84D622D /* TristateField.swift in Sources */ = {isa = PBXBuildFile; fileRef = 365C4A4CADED8871E2DB417E /* TristateField.swift */; };
		651944B0B057FB3AC94AB0BE /* TristateInputView.swift in Sources */ = {isa = PBXBuildFile; fileRef = 3B00489BA220639014E43BC6 /* TristateInputView.swift */; };
		8C5041CDB56B5BED1224A736 /* BasicCell.swift in Sources */ = {isa = PBXBuildFile; fileRef = DC414A84928410693C7DF980 /* BasicCell.swift */; };
		B8E94355910BD734F02EEB3A /* BasicImageCell.swift in Sources */ = {isa = PBXBuildFile; fileRef = C32140B0A3191F0EC970C056 /* BasicImageCell.swift */; };
		CE374A42B240E75BFF604613 /* DetailCell.swift in Sources */ = {isa = PBXBuildFile; fileRef = 0F104B2DA6D93F753D07BAC1 /* DetailCell.swift */; };
		FAE54106B3925C4A268B95D9 /* DetailImageCell.swift in Sources */ = {isa = PBXBuildFile; fileRef = 96CA40628328EF4BC83A378F /* DetailImageCell.swift */; };
		795D4F078290C211EB2581E4 /* InfoImageCell.swift in Sources */ = {isa = PBXBuildFile; fileRef = 44C44AA6A6B7E1CD122F7EC2 /* InfoImageCell.swift */; };
		0BCF4727BAAE9B50DF6618BE /* AppDelegate.swift in Sources */ = {isa = PBXBuildFile; fileRef = DE594BA6B8FB0FB207A1E108 /* AppDelegate.swift */; };
		17A9439AB711D7F11B829F5A /* MainNavigation.swift in Sources */ = {isa = PBXBuildFile; fileRef = 72364FC5A03250BD7F5EF324 /* MainNavigation.swift */; };
		C96340F082EA92E4B9650588 /* Style.swift in Sources */ = {isa = PBXBuildFile; fileRef = 995845CBB82E90670E71EF88 /* Style.swift */; };
		26A648FB83F555AB51687299 /* StyleConfig.swift in Sources */ = {isa = PBXBuildFile; fileRef = 343C4414A3880CA49AAB40A7 /* StyleConfig.swift */; };
	
/* End PBXBuildFile section */

/* Begin PBXContainerItemProxy section */
		BB8496991D3F74820093606A /* PBXContainerItemProxy */ = {
			isa = PBXContainerItemProxy;
			containerPortal = BB84967C1D3F74820093606A /* Project object */;
			proxyType = 1;
			remoteGlobalIDString = BB8496831D3F74820093606A;
			remoteInfo = DemoNov;
		};
		BB8496A41D3F74820093606A /* PBXContainerItemProxy */ = {
			isa = PBXContainerItemProxy;
			containerPortal = BB84967C1D3F74820093606A /* Project object */;
			proxyType = 1;
			remoteGlobalIDString = BB8496831D3F74820093606A;
			remoteInfo = DemoNov;
		};
/* End PBXContainerItemProxy section */

/* Begin PBXFileReference section */
		BB8496841D3F74820093606A /* DemoNov.app */ = {isa = PBXFileReference; explicitFileType = wrapper.application; includeInIndex = 0; path = DemoNov.app; sourceTree = BUILT_PRODUCTS_DIR; };
		BB8496891D3F74820093606A /* ViewController.swift */ = {isa = PBXFileReference; lastKnownFileType = sourcecode.swift; path = ViewController.swift; sourceTree = "<group>"; };
		BB84968E1D3F74820093606A /* Assets.xcassets */ = {isa = PBXFileReference; lastKnownFileType = folder.assetcatalog; path = Assets.xcassets; sourceTree = "<group>"; };
		BB8496911D3F74820093606A /* Base */ = {isa = PBXFileReference; lastKnownFileType = file.storyboard; name = Base; path = Base.lproj/LaunchScreen.storyboard; sourceTree = "<group>"; };
		BB8496931D3F74820093606A /* Info.plist */ = {isa = PBXFileReference; lastKnownFileType = text.plist.xml; path = Info.plist; sourceTree = "<group>"; };
		BB8496981D3F74820093606A /* DemoNovTests.xctest */ = {isa = PBXFileReference; explicitFileType = wrapper.cfbundle; includeInIndex = 0; path = DemoNovTests.xctest; sourceTree = BUILT_PRODUCTS_DIR; };
		BB84969C1D3F74820093606A /* DemoNovTests.swift */ = {isa = PBXFileReference; lastKnownFileType = sourcecode.swift; path = DemoNovTests.swift; sourceTree = "<group>"; };
		BB84969E1D3F74820093606A /* Info.plist */ = {isa = PBXFileReference; lastKnownFileType = text.plist.xml; path = Info.plist; sourceTree = "<group>"; };
		BB8496A31D3F74820093606A /* DemoNovUITests.xctest */ = {isa = PBXFileReference; explicitFileType = wrapper.cfbundle; includeInIndex = 0; path = DemoNovUITests.xctest; sourceTree = BUILT_PRODUCTS_DIR; };
		BB8496A71D3F74820093606A /* DemoNovUITests.swift */ = {isa = PBXFileReference; lastKnownFileType = sourcecode.swift; path = DemoNovUITests.swift; sourceTree = "<group>"; };
		BB8496A91D3F74820093606A /* Info.plist */ = {isa = PBXFileReference; lastKnownFileType = text.plist.xml; path = Info.plist; sourceTree = "<group>"; };
		
		66B34B8C974E1C24E7DE22FA /* CustomViewController.swift */ = {isa = PBXFileReference; fileEncoding = 4; lastKnownFileType = sourcecode.swift; path = "CustomViewController.swift"; sourceTree = "<group>"; };
		E4C54516BB5CBE338CE2EF08 /* ExpensesDetailViewController.swift */ = {isa = PBXFileReference; fileEncoding = 4; lastKnownFileType = sourcecode.swift; path = "ExpensesDetailViewController.swift"; sourceTree = "<group>"; };
		5716465B9810969336217167 /* ExpensesFormViewController.swift */ = {isa = PBXFileReference; fileEncoding = 4; lastKnownFileType = sourcecode.swift; path = "ExpensesFormViewController.swift"; sourceTree = "<group>"; };
		F3C84CC4B71DD3CEE811E205 /* ExpensesViewController.swift */ = {isa = PBXFileReference; fileEncoding = 4; lastKnownFileType = sourcecode.swift; path = "ExpensesViewController.swift"; sourceTree = "<group>"; };
		DE9E493C90BDCE24DE6592FF /* ExpenseTrackerFormViewController.swift */ = {isa = PBXFileReference; fileEncoding = 4; lastKnownFileType = sourcecode.swift; path = "ExpenseTrackerFormViewController.swift"; sourceTree = "<group>"; };
		73484866A9DD3783E61E796E /* MainMenuViewController.swift */ = {isa = PBXFileReference; fileEncoding = 4; lastKnownFileType = sourcecode.swift; path = "MainMenuViewController.swift"; sourceTree = "<group>"; };
		E9854C058DD47C2E08288FE5 /* MyExpensesTrackerMenuItem1DetailViewController.swift */ = {isa = PBXFileReference; fileEncoding = 4; lastKnownFileType = sourcecode.swift; path = "MyExpensesTrackerMenuItem1DetailViewController.swift"; sourceTree = "<group>"; };
		7FB24630B89186C6B5B158E3 /* MyExpensesTrackerMenuItem1ViewController.swift */ = {isa = PBXFileReference; fileEncoding = 4; lastKnownFileType = sourcecode.swift; path = "MyExpensesTrackerMenuItem1ViewController.swift"; sourceTree = "<group>"; };
		B1254B258674BFA4847C7F6B /* NuevaListaViewController.swift */ = {isa = PBXFileReference; fileEncoding = 4; lastKnownFileType = sourcecode.swift; path = "NuevaListaViewController.swift"; sourceTree = "<group>"; };
		15144972B04F0CFA76B5F656 /* DatasourceConfig.swift */ = {isa = PBXFileReference; fileEncoding = 4; lastKnownFileType = sourcecode.swift; path = "DatasourceConfig.swift"; sourceTree = "<group>"; };
		4F2A4C04A4CED2A61A9D26AF /* DatasourceManager.swift */ = {isa = PBXFileReference; fileEncoding = 4; lastKnownFileType = sourcecode.swift; path = "DatasourceManager.swift"; sourceTree = "<group>"; };
		FEFF4C3CA7E32266F5ECD600 /* EmptyDatasource.plist */ = {isa = PBXFileReference; fileEncoding = 4; lastKnownFileType = text.plist.xml; path = "EmptyDatasource.plist"; sourceTree = "<group>"; };
		2CC843D095DA1B3CC51FB076 /* CategoriesDSItem.swift */ = {isa = PBXFileReference; fileEncoding = 4; lastKnownFileType = sourcecode.swift; path = "CategoriesDSItem.swift"; sourceTree = "<group>"; };
		24BE42BF948320EF432B2F4F /* ExpensesDSItem.swift */ = {isa = PBXFileReference; fileEncoding = 4; lastKnownFileType = sourcecode.swift; path = "ExpensesDSItem.swift"; sourceTree = "<group>"; };
		97F24C49A321DF31207D089F /* Item1.swift */ = {isa = PBXFileReference; fileEncoding = 4; lastKnownFileType = sourcecode.swift; path = "Item1.swift"; sourceTree = "<group>"; };
		E5D34532A9654D5C60B8D99E /* Action.swift */ = {isa = PBXFileReference; fileEncoding = 4; lastKnownFileType = sourcecode.swift; path = "Action.swift"; sourceTree = "<group>"; };
		2B3F42B6BC82C82A809BA7CB /* LinkAction.swift */ = {isa = PBXFileReference; fileEncoding = 4; lastKnownFileType = sourcecode.swift; path = "LinkAction.swift"; sourceTree = "<group>"; };
		D57D494F830CF0A168240ED1 /* MailAction.swift */ = {isa = PBXFileReference; fileEncoding = 4; lastKnownFileType = sourcecode.swift; path = "MailAction.swift"; sourceTree = "<group>"; };
		FC974266933D91D81551BEEB /* MapAction.swift */ = {isa = PBXFileReference; fileEncoding = 4; lastKnownFileType = sourcecode.swift; path = "MapAction.swift"; sourceTree = "<group>"; };
		27404BF98EA79DC21069196A /* NavigationAction.swift */ = {isa = PBXFileReference; fileEncoding = 4; lastKnownFileType = sourcecode.swift; path = "NavigationAction.swift"; sourceTree = "<group>"; };
		E3484CE9AFB9D32F82FA204E /* NavigationPushAction.swift */ = {isa = PBXFileReference; fileEncoding = 4; lastKnownFileType = sourcecode.swift; path = "NavigationPushAction.swift"; sourceTree = "<group>"; };
		041C47D6AFF231932117C6C2 /* PhoneAction.swift */ = {isa = PBXFileReference; fileEncoding = 4; lastKnownFileType = sourcecode.swift; path = "PhoneAction.swift"; sourceTree = "<group>"; };
		939242848593867751F6CBC8 /* SlidingAction.swift */ = {isa = PBXFileReference; fileEncoding = 4; lastKnownFileType = sourcecode.swift; path = "SlidingAction.swift"; sourceTree = "<group>"; };
		7D9248A0BEA8783C535E9A2D /* UriAction.swift */ = {isa = PBXFileReference; fileEncoding = 4; lastKnownFileType = sourcecode.swift; path = "UriAction.swift"; sourceTree = "<group>"; };
		E72B4E678721766A5E1D744F /* Analytics.swift */ = {isa = PBXFileReference; fileEncoding = 4; lastKnownFileType = sourcecode.swift; path = "Analytics.swift"; sourceTree = "<group>"; };
		6AE74529A4BFF8797F7791A0 /* AnalyticsManager.swift */ = {isa = PBXFileReference; fileEncoding = 4; lastKnownFileType = sourcecode.swift; path = "AnalyticsManager.swift"; sourceTree = "<group>"; };
		EF7241528722058722053378 /* Logger.swift */ = {isa = PBXFileReference; fileEncoding = 4; lastKnownFileType = sourcecode.swift; path = "Logger.swift"; sourceTree = "<group>"; };
		DD6B494D8041F25D5C43FC6C /* LoggerLevel.swift */ = {isa = PBXFileReference; fileEncoding = 4; lastKnownFileType = sourcecode.swift; path = "LoggerLevel.swift"; sourceTree = "<group>"; };
		61A84AD79888AC5105D93170 /* Behavior.swift */ = {isa = PBXFileReference; fileEncoding = 4; lastKnownFileType = sourcecode.swift; path = "Behavior.swift"; sourceTree = "<group>"; };
		12DF49F0B068DEF1FD626587 /* CreateBehavior.swift */ = {isa = PBXFileReference; fileEncoding = 4; lastKnownFileType = sourcecode.swift; path = "CreateBehavior.swift"; sourceTree = "<group>"; };
		EE38402FAB1819CE965C0851 /* FilterBehavior.swift */ = {isa = PBXFileReference; fileEncoding = 4; lastKnownFileType = sourcecode.swift; path = "FilterBehavior.swift"; sourceTree = "<group>"; };
		2E8248E48EA4D443F127E9B9 /* SearchBehavior.swift */ = {isa = PBXFileReference; fileEncoding = 4; lastKnownFileType = sourcecode.swift; path = "SearchBehavior.swift"; sourceTree = "<group>"; };
		51B04E6AB34B2FA4B2333484 /* UpdateBehavior.swift */ = {isa = PBXFileReference; fileEncoding = 4; lastKnownFileType = sourcecode.swift; path = "UpdateBehavior.swift"; sourceTree = "<group>"; };
		F2FE46BE938A66755156CD80 /* DeleteBehavior.swift */ = {isa = PBXFileReference; fileEncoding = 4; lastKnownFileType = sourcecode.swift; path = "DeleteBehavior.swift"; sourceTree = "<group>"; };
		D33C43029B2E6FB14FBDFBD1 /* ShareBehavior.swift */ = {isa = PBXFileReference; fileEncoding = 4; lastKnownFileType = sourcecode.swift; path = "ShareBehavior.swift"; sourceTree = "<group>"; };
		9AF24CABBD01339E522103DE /* CollectionViewController.swift */ = {isa = PBXFileReference; fileEncoding = 4; lastKnownFileType = sourcecode.swift; path = "CollectionViewController.swift"; sourceTree = "<group>"; };
		F60F4983B88D790F494450CD /* DataSetViewController.swift */ = {isa = PBXFileReference; fileEncoding = 4; lastKnownFileType = sourcecode.swift; path = "DataSetViewController.swift"; sourceTree = "<group>"; };
		F85D4FAAB288CFDE121AADC7 /* DataViewController.swift */ = {isa = PBXFileReference; fileEncoding = 4; lastKnownFileType = sourcecode.swift; path = "DataViewController.swift"; sourceTree = "<group>"; };
		D6244A099CBA67FA8D285821 /* FilterViewController.swift */ = {isa = PBXFileReference; fileEncoding = 4; lastKnownFileType = sourcecode.swift; path = "FilterViewController.swift"; sourceTree = "<group>"; };
		C5A24ABA8ACE9CF0A9C6D68A /* FormViewController.swift */ = {isa = PBXFileReference; fileEncoding = 4; lastKnownFileType = sourcecode.swift; path = "FormViewController.swift"; sourceTree = "<group>"; };
		9C564576AF774461FF18238F /* InputViewController.swift */ = {isa = PBXFileReference; fileEncoding = 4; lastKnownFileType = sourcecode.swift; path = "InputViewController.swift"; sourceTree = "<group>"; };
		E9024E8FBD47CADCA56223FC /* OptionsViewController.swift */ = {isa = PBXFileReference; fileEncoding = 4; lastKnownFileType = sourcecode.swift; path = "OptionsViewController.swift"; sourceTree = "<group>"; };
		194C4EEE8BF216E9F40ADF86 /* SimpleCollectionViewController.swift */ = {isa = PBXFileReference; fileEncoding = 4; lastKnownFileType = sourcecode.swift; path = "SimpleCollectionViewController.swift"; sourceTree = "<group>"; };
		F59D4B9EB99B3265A5569D22 /* SimpleTabBarController.swift */ = {isa = PBXFileReference; fileEncoding = 4; lastKnownFileType = sourcecode.swift; path = "SimpleTabBarController.swift"; sourceTree = "<group>"; };
		66D14FF989ECD7CCFD8AA04D /* StackViewController.swift */ = {isa = PBXFileReference; fileEncoding = 4; lastKnownFileType = sourcecode.swift; path = "StackViewController.swift"; sourceTree = "<group>"; };
		747D45C991A1DCE6C50AC974 /* TableViewController.swift */ = {isa = PBXFileReference; fileEncoding = 4; lastKnownFileType = sourcecode.swift; path = "TableViewController.swift"; sourceTree = "<group>"; };
		BC0844CAA054238A9646367B /* CloudDatasource.swift */ = {isa = PBXFileReference; fileEncoding = 4; lastKnownFileType = sourcecode.swift; path = "CloudDatasource.swift"; sourceTree = "<group>"; };
		3C2F4ABCA982A4AF57BF274D /* CloudDatasourceFilter.swift */ = {isa = PBXFileReference; fileEncoding = 4; lastKnownFileType = sourcecode.swift; path = "CloudDatasourceFilter.swift"; sourceTree = "<group>"; };
		F0EC4053A9200174D91BEC3D /* Datasource.swift */ = {isa = PBXFileReference; fileEncoding = 4; lastKnownFileType = sourcecode.swift; path = "Datasource.swift"; sourceTree = "<group>"; };
		FAAB440E97EDBE46D0096B05 /* DatasourceFilter.swift */ = {isa = PBXFileReference; fileEncoding = 4; lastKnownFileType = sourcecode.swift; path = "DatasourceFilter.swift"; sourceTree = "<group>"; };
		70DC44039972D43E7A36E3AC /* DatasourceOptions.swift */ = {isa = PBXFileReference; fileEncoding = 4; lastKnownFileType = sourcecode.swift; path = "DatasourceOptions.swift"; sourceTree = "<group>"; };
		E82F41DCA1C3BBE3B511C1C6 /* ExternalDatasource.swift */ = {isa = PBXFileReference; fileEncoding = 4; lastKnownFileType = sourcecode.swift; path = "ExternalDatasource.swift"; sourceTree = "<group>"; };
		545D4361B022D44F209E1B39 /* ExternalDatasourceFilter.swift */ = {isa = PBXFileReference; fileEncoding = 4; lastKnownFileType = sourcecode.swift; path = "ExternalDatasourceFilter.swift"; sourceTree = "<group>"; };
		1304493C94750E99ADFED99F /* HttpClient.swift */ = {isa = PBXFileReference; fileEncoding = 4; lastKnownFileType = sourcecode.swift; path = "HttpClient.swift"; sourceTree = "<group>"; };
		BCD1449FB408119EC31354D7 /* Item.swift */ = {isa = PBXFileReference; fileEncoding = 4; lastKnownFileType = sourcecode.swift; path = "Item.swift"; sourceTree = "<group>"; };
		A48948D48525FC79F64CD1C2 /* LocalDatasource.swift */ = {isa = PBXFileReference; fileEncoding = 4; lastKnownFileType = sourcecode.swift; path = "LocalDatasource.swift"; sourceTree = "<group>"; };
		5EA548E59380953FB2BF9E9B /* LocalDatasourceFilter.swift */ = {isa = PBXFileReference; fileEncoding = 4; lastKnownFileType = sourcecode.swift; path = "LocalDatasourceFilter.swift"; sourceTree = "<group>"; };
		F7C140979A5F7E5816CD5721 /* Annotation.swift */ = {isa = PBXFileReference; fileEncoding = 4; lastKnownFileType = sourcecode.swift; path = "Annotation.swift"; sourceTree = "<group>"; };
		66874E92830FD17A1FFCE7F2 /* DateRange.swift */ = {isa = PBXFileReference; fileEncoding = 4; lastKnownFileType = sourcecode.swift; path = "DateRange.swift"; sourceTree = "<group>"; };
		26D6475D90F7B835A8D9ED91 /* GeoPoint.swift */ = {isa = PBXFileReference; fileEncoding = 4; lastKnownFileType = sourcecode.swift; path = "GeoPoint.swift"; sourceTree = "<group>"; };
		274843568E3BFA1EFFE354D5 /* MenuItem.swift */ = {isa = PBXFileReference; fileEncoding = 4; lastKnownFileType = sourcecode.swift; path = "MenuItem.swift"; sourceTree = "<group>"; };
		8EB243A1807B3B4F035398DB /* BasicAuthLoginService.swift */ = {isa = PBXFileReference; fileEncoding = 4; lastKnownFileType = sourcecode.swift; path = "BasicAuthLoginService.swift"; sourceTree = "<group>"; };
		D95F43499DEF98C6A0A791CF /* LoginManager.swift */ = {isa = PBXFileReference; fileEncoding = 4; lastKnownFileType = sourcecode.swift; path = "LoginManager.swift"; sourceTree = "<group>"; };
		30044B8DA36A7BD1729AF91B /* LoginResponse.swift */ = {isa = PBXFileReference; fileEncoding = 4; lastKnownFileType = sourcecode.swift; path = "LoginResponse.swift"; sourceTree = "<group>"; };
		F66D424BB538C508D2E262F6 /* LoginService.swift */ = {isa = PBXFileReference; fileEncoding = 4; lastKnownFileType = sourcecode.swift; path = "LoginService.swift"; sourceTree = "<group>"; };
		D58649748BC3A17D0D22B8E7 /* LoginViewController.swift */ = {isa = PBXFileReference; fileEncoding = 4; lastKnownFileType = sourcecode.swift; path = "LoginViewController.swift"; sourceTree = "<group>"; };
		8F674044A9A64B7DA4839481 /* LogoutAction.swift */ = {isa = PBXFileReference; fileEncoding = 4; lastKnownFileType = sourcecode.swift; path = "LogoutAction.swift"; sourceTree = "<group>"; };
		2A7042968ECD5D78BEF34AD4 /* LogoutBehavior.swift */ = {isa = PBXFileReference; fileEncoding = 4; lastKnownFileType = sourcecode.swift; path = "LogoutBehavior.swift"; sourceTree = "<group>"; };
		52E444E4976D75EC538E6A9E /* ErrorManager.swift */ = {isa = PBXFileReference; fileEncoding = 4; lastKnownFileType = sourcecode.swift; path = "ErrorManager.swift"; sourceTree = "<group>"; };
		BCDC4241B4DD558A962751AA /* LocationManager.swift */ = {isa = PBXFileReference; fileEncoding = 4; lastKnownFileType = sourcecode.swift; path = "LocationManager.swift"; sourceTree = "<group>"; };
		9C48490EA9E20493D94F215E /* NSDate+Additions.swift */ = {isa = PBXFileReference; fileEncoding = 4; lastKnownFileType = sourcecode.swift; path = "NSDate+Additions.swift"; sourceTree = "<group>"; };
		3CC94C48B53C603C36B21FC6 /* NSString+Additions.swift */ = {isa = PBXFileReference; fileEncoding = 4; lastKnownFileType = sourcecode.swift; path = "NSString+Additions.swift"; sourceTree = "<group>"; };
		9CEB4A31918B54AB4B7CF89E /* String+Additions.swift */ = {isa = PBXFileReference; fileEncoding = 4; lastKnownFileType = sourcecode.swift; path = "String+Additions.swift"; sourceTree = "<group>"; };
		D78D4B09B151710309C8AD20 /* UIColor+Additions.swift */ = {isa = PBXFileReference; fileEncoding = 4; lastKnownFileType = sourcecode.swift; path = "UIColor+Additions.swift"; sourceTree = "<group>"; };
		2669404392FF0DD7F6734394 /* UIFont+Additions.swift */ = {isa = PBXFileReference; fileEncoding = 4; lastKnownFileType = sourcecode.swift; path = "UIFont+Additions.swift"; sourceTree = "<group>"; };
		BB9D468FBA2E1EFA3551B6ED /* UIImageView+Additions.swift */ = {isa = PBXFileReference; fileEncoding = 4; lastKnownFileType = sourcecode.swift; path = "UIImageView+Additions.swift"; sourceTree = "<group>"; };
		DFA644FB88DE1211ED75DBE5 /* UITextField+Additions.swift */ = {isa = PBXFileReference; fileEncoding = 4; lastKnownFileType = sourcecode.swift; path = "UITextField+Additions.swift"; sourceTree = "<group>"; };
		E4904645AD3B9B4CB9241029 /* UIView+Additions.swift */ = {isa = PBXFileReference; fileEncoding = 4; lastKnownFileType = sourcecode.swift; path = "UIView+Additions.swift"; sourceTree = "<group>"; };
		AA954F9F936B073BFA005F65 /* UIViewController+Additions.swift */ = {isa = PBXFileReference; fileEncoding = 4; lastKnownFileType = sourcecode.swift; path = "UIViewController+Additions.swift"; sourceTree = "<group>"; };
		3DF04054947E3CC1CF2814DE /* ContainerView.swift */ = {isa = PBXFileReference; fileEncoding = 4; lastKnownFileType = sourcecode.swift; path = "ContainerView.swift"; sourceTree = "<group>"; };
		62E540288F776D793F178EE9 /* MosaicCell.swift */ = {isa = PBXFileReference; fileEncoding = 4; lastKnownFileType = sourcecode.swift; path = "MosaicCell.swift"; sourceTree = "<group>"; };
		08AE476BBBAE5AC3FD6C23A5 /* PhotoCell.swift */ = {isa = PBXFileReference; fileEncoding = 4; lastKnownFileType = sourcecode.swift; path = "PhotoCell.swift"; sourceTree = "<group>"; };
		70184BBC89B7894F05865459 /* BooleanField.swift */ = {isa = PBXFileReference; fileEncoding = 4; lastKnownFileType = sourcecode.swift; path = "BooleanField.swift"; sourceTree = "<group>"; };
		92724579B6AB65A878873EC6 /* DateField.swift */ = {isa = PBXFileReference; fileEncoding = 4; lastKnownFileType = sourcecode.swift; path = "DateField.swift"; sourceTree = "<group>"; };
		DEEC43188C2557FB6C12BD57 /* DateRangeField.swift */ = {isa = PBXFileReference; fileEncoding = 4; lastKnownFileType = sourcecode.swift; path = "DateRangeField.swift"; sourceTree = "<group>"; };
		312E402C9FA27DA032B2D3C5 /* DateRangeFilterField.swift */ = {isa = PBXFileReference; fileEncoding = 4; lastKnownFileType = sourcecode.swift; path = "DateRangeFilterField.swift"; sourceTree = "<group>"; };
		50354FDDB02926C28A728E91 /* DateTimeField.swift */ = {isa = PBXFileReference; fileEncoding = 4; lastKnownFileType = sourcecode.swift; path = "DateTimeField.swift"; sourceTree = "<group>"; };
		3AAC4932A604D2CD7C471429 /* DecimalField.swift */ = {isa = PBXFileReference; fileEncoding = 4; lastKnownFileType = sourcecode.swift; path = "DecimalField.swift"; sourceTree = "<group>"; };
		C2BF408EAA53809361399E6E /* Field.swift */ = {isa = PBXFileReference; fileEncoding = 4; lastKnownFileType = sourcecode.swift; path = "Field.swift"; sourceTree = "<group>"; };
		16BF4F43A0F9E347B681574D /* FilterField.swift */ = {isa = PBXFileReference; fileEncoding = 4; lastKnownFileType = sourcecode.swift; path = "FilterField.swift"; sourceTree = "<group>"; };
		48A84BE58DB3F30FAE557264 /* ImageField.swift */ = {isa = PBXFileReference; fileEncoding = 4; lastKnownFileType = sourcecode.swift; path = "ImageField.swift"; sourceTree = "<group>"; };
		36A74E8A832D0DC3C26C3D14 /* ImageInputView.swift */ = {isa = PBXFileReference; fileEncoding = 4; lastKnownFileType = sourcecode.swift; path = "ImageInputView.swift"; sourceTree = "<group>"; };
		835341C1A2065D57B88F9FC0 /* IntegerField.swift */ = {isa = PBXFileReference; fileEncoding = 4; lastKnownFileType = sourcecode.swift; path = "IntegerField.swift"; sourceTree = "<group>"; };
		87F44862855BC47F95F3A296 /* LocationField.swift */ = {isa = PBXFileReference; fileEncoding = 4; lastKnownFileType = sourcecode.swift; path = "LocationField.swift"; sourceTree = "<group>"; };
		86204247B1229DF88CDB7F77 /* LocationInputView.swift */ = {isa = PBXFileReference; fileEncoding = 4; lastKnownFileType = sourcecode.swift; path = "LocationInputView.swift"; sourceTree = "<group>"; };
		19104BFA949381A4B9224731 /* NumberFilterField.swift */ = {isa = PBXFileReference; fileEncoding = 4; lastKnownFileType = sourcecode.swift; path = "NumberFilterField.swift"; sourceTree = "<group>"; };
		BCB24D669AD9C2267569394F /* OptionsField.swift */ = {isa = PBXFileReference; fileEncoding = 4; lastKnownFileType = sourcecode.swift; path = "OptionsField.swift"; sourceTree = "<group>"; };
		6AC74A30BC761D9181FB4AB2 /* OptionsFilterField.swift */ = {isa = PBXFileReference; fileEncoding = 4; lastKnownFileType = sourcecode.swift; path = "OptionsFilterField.swift"; sourceTree = "<group>"; };
		893042F79CCD32C0A5F19246 /* OptionsInputView.swift */ = {isa = PBXFileReference; fileEncoding = 4; lastKnownFileType = sourcecode.swift; path = "OptionsInputView.swift"; sourceTree = "<group>"; };
		92D4498C8C4E037AB1FBDA3C /* RangeInputView.swift */ = {isa = PBXFileReference; fileEncoding = 4; lastKnownFileType = sourcecode.swift; path = "RangeInputView.swift"; sourceTree = "<group>"; };
		AFCB4C448B4241CEC2DF4DD5 /* Rules.swift */ = {isa = PBXFileReference; fileEncoding = 4; lastKnownFileType = sourcecode.swift; path = "Rules.swift"; sourceTree = "<group>"; };
		2FD145B08784AB81BA681328 /* StringField.swift */ = {isa = PBXFileReference; fileEncoding = 4; lastKnownFileType = sourcecode.swift; path = "StringField.swift"; sourceTree = "<group>"; };
		058A45769F6E203CC5497489 /* StringFilterField.swift */ = {isa = PBXFileReference; fileEncoding = 4; lastKnownFileType = sourcecode.swift; path = "StringFilterField.swift"; sourceTree = "<group>"; };
		1C3B4E898BB4F023169B46B7 /* SwitchInputView.swift */ = {isa = PBXFileReference; fileEncoding = 4; lastKnownFileType = sourcecode.swift; path = "SwitchInputView.swift"; sourceTree = "<group>"; };
		BF9A4DEF99CD547D4A5B8A0D /* TextInputView.swift */ = {isa = PBXFileReference; fileEncoding = 4; lastKnownFileType = sourcecode.swift; path = "TextInputView.swift"; sourceTree = "<group>"; };
		365C4A4CADED8871E2DB417E /* TristateField.swift */ = {isa = PBXFileReference; fileEncoding = 4; lastKnownFileType = sourcecode.swift; path = "TristateField.swift"; sourceTree = "<group>"; };
		3B00489BA220639014E43BC6 /* TristateInputView.swift */ = {isa = PBXFileReference; fileEncoding = 4; lastKnownFileType = sourcecode.swift; path = "TristateInputView.swift"; sourceTree = "<group>"; };
		DC414A84928410693C7DF980 /* BasicCell.swift */ = {isa = PBXFileReference; fileEncoding = 4; lastKnownFileType = sourcecode.swift; path = "BasicCell.swift"; sourceTree = "<group>"; };
		C32140B0A3191F0EC970C056 /* BasicImageCell.swift */ = {isa = PBXFileReference; fileEncoding = 4; lastKnownFileType = sourcecode.swift; path = "BasicImageCell.swift"; sourceTree = "<group>"; };
		0F104B2DA6D93F753D07BAC1 /* DetailCell.swift */ = {isa = PBXFileReference; fileEncoding = 4; lastKnownFileType = sourcecode.swift; path = "DetailCell.swift"; sourceTree = "<group>"; };
		96CA40628328EF4BC83A378F /* DetailImageCell.swift */ = {isa = PBXFileReference; fileEncoding = 4; lastKnownFileType = sourcecode.swift; path = "DetailImageCell.swift"; sourceTree = "<group>"; };
		44C44AA6A6B7E1CD122F7EC2 /* InfoImageCell.swift */ = {isa = PBXFileReference; fileEncoding = 4; lastKnownFileType = sourcecode.swift; path = "InfoImageCell.swift"; sourceTree = "<group>"; };
		DE594BA6B8FB0FB207A1E108 /* AppDelegate.swift */ = {isa = PBXFileReference; fileEncoding = 4; lastKnownFileType = sourcecode.swift; path = "AppDelegate.swift"; sourceTree = "<group>"; };
		72364FC5A03250BD7F5EF324 /* MainNavigation.swift */ = {isa = PBXFileReference; fileEncoding = 4; lastKnownFileType = sourcecode.swift; path = "MainNavigation.swift"; sourceTree = "<group>"; };
		995845CBB82E90670E71EF88 /* Style.swift */ = {isa = PBXFileReference; fileEncoding = 4; lastKnownFileType = sourcecode.swift; path = "Style.swift"; sourceTree = "<group>"; };
		343C4414A3880CA49AAB40A7 /* StyleConfig.swift */ = {isa = PBXFileReference; fileEncoding = 4; lastKnownFileType = sourcecode.swift; path = "StyleConfig.swift"; sourceTree = "<group>"; };
		
/* End PBXFileReference section */

/* Begin PBXFrameworksBuildPhase section */
		BB8496811D3F74820093606A /* Frameworks */ = {
			isa = PBXFrameworksBuildPhase;
			buildActionMask = 2147483647;
			files = (
			);
			runOnlyForDeploymentPostprocessing = 0;
		};
		BB8496951D3F74820093606A /* Frameworks */ = {
			isa = PBXFrameworksBuildPhase;
			buildActionMask = 2147483647;
			files = (
			);
			runOnlyForDeploymentPostprocessing = 0;
		};
		BB8496A01D3F74820093606A /* Frameworks */ = {
			isa = PBXFrameworksBuildPhase;
			buildActionMask = 2147483647;
			files = (
			);
			runOnlyForDeploymentPostprocessing = 0;
		};
/* End PBXFrameworksBuildPhase section */

/* Begin PBXGroup section */
		BB84967B1D3F74820093606A = {
			isa = PBXGroup;
			children = (
				BB8496861D3F74820093606A /* DemoNov */,
				BB84969B1D3F74820093606A /* DemoNovTests */,
				BB8496A61D3F74820093606A /* DemoNovUITests */,
				BB8496851D3F74820093606A /* Products */,
			);
			sourceTree = "<group>";
		};
		BB8496851D3F74820093606A /* Products */ = {
			isa = PBXGroup;
			children = (
				BB8496841D3F74820093606A /* DemoNov.app */,
				BB8496981D3F74820093606A /* DemoNovTests.xctest */,
				BB8496A31D3F74820093606A /* DemoNovUITests.xctest */,
			);
			name = Products;
			sourceTree = "<group>";
		};
		BB84969B1D3F74820093606A /* DemoNovTests */ = {
			isa = PBXGroup;
			children = (
				BB84969C1D3F74820093606A /* DemoNovTests.swift */,
				BB84969E1D3F74820093606A /* Info.plist */,
			);
			path = DemoNovTests;
			sourceTree = "<group>";
		};
		BB8496A61D3F74820093606A /* DemoNovUITests */ = {
			isa = PBXGroup;
			children = (
				BB8496A71D3F74820093606A /* DemoNovUITests.swift */,
				BB8496A91D3F74820093606A /* Info.plist */,
			);
			path = DemoNovUITests;
			sourceTree = "<group>";
		};
		
		BB8496861D3F74820093606A /* DemoNov */ = {
			isa = PBXGroup;
			children = (
				BB84968E1D3F74820093606A /* Assets.xcassets */,
				830C4868B669EA2B79B772B8 /*  Core */,
				8FCF4BD286D434B2FF1BC9EC /*  Controllers */,
				770C4ECBA74407211533E258 /*  Datasources */,
				8ADC4EEF9980E13649AE0383 /*  Models */,
					
				DE594BA6B8FB0FB207A1E108 /*  AppDelegate.swift */,
				72364FC5A03250BD7F5EF324 /*  MainNavigation.swift */,
				995845CBB82E90670E71EF88 /*  Style.swift */,
				343C4414A3880CA49AAB40A7 /*  StyleConfig.swift */,
				BB8496901D3F74820093606A /* LaunchScreen.storyboard */,
				BB8496931D3F74820093606A /* Info.plist */,
				
				
			);
			path = DemoNov;
			sourceTree = "<group>";
		};
		830C4868B669EA2B79B772B8 /* Core */ = {
			isa = PBXGroup;
			children = (
				4B844B6CA715EE5F8E4BD8C9 /*  Actions */,
				B86249829419768BEEE27ABB /*  Analytics */,
				BC444F9AB43282D271EC5953 /*  Behaviors */,
				AC924232AA083448F57F1666 /*  Charts */,
				9A72425B863FF814BC399262 /*  Controllers */,
				D71D429499D9A17D314F9258 /*  Datasources */,
				06E240CD91F68CE78B25CD23 /*  Models */,
				617B4F8285EBEE1A8BE4741D /*  Security */,
				7708483B85BFE3DA29ED97D0 /*  Utils */,
				2824451F983EDFD91B466468 /*  Views */,
		 
			);
			path = Core;
			sourceTree = "<group>";
		};
		8FCF4BD286D434B2FF1BC9EC /* Controllers */ = {
			isa = PBXGroup;
			children = (
				66B34B8C974E1C24E7DE22FA /*  CustomViewController.swift */,
				E4C54516BB5CBE338CE2EF08 /*  ExpensesDetailViewController.swift */,
				5716465B9810969336217167 /*  ExpensesFormViewController.swift */,
				F3C84CC4B71DD3CEE811E205 /*  ExpensesViewController.swift */,
				DE9E493C90BDCE24DE6592FF /*  ExpenseTrackerFormViewController.swift */,
				73484866A9DD3783E61E796E /*  MainMenuViewController.swift */,
				E9854C058DD47C2E08288FE5 /*  MyExpensesTrackerMenuItem1DetailViewController.swift */,
				7FB24630B89186C6B5B158E3 /*  MyExpensesTrackerMenuItem1ViewController.swift */,
				B1254B258674BFA4847C7F6B /*  NuevaListaViewController.swift */,
		 
			);
			path = Controllers;
			sourceTree = "<group>";
		};
		770C4ECBA74407211533E258 /* Datasources */ = {
			isa = PBXGroup;
			children = (
				15144972B04F0CFA76B5F656 /*  DatasourceConfig.swift */,
				4F2A4C04A4CED2A61A9D26AF /*  DatasourceManager.swift */,
				FEFF4C3CA7E32266F5ECD600 /*  EmptyDatasource.plist */,
		 
			);
			path = Datasources;
			sourceTree = "<group>";
		};
		8ADC4EEF9980E13649AE0383 /* Models */ = {
			isa = PBXGroup;
			children = (
				2CC843D095DA1B3CC51FB076 /*  CategoriesDSItem.swift */,
				24BE42BF948320EF432B2F4F /*  ExpensesDSItem.swift */,
				97F24C49A321DF31207D089F /*  Item1.swift */,
		 
			);
			path = Models;
			sourceTree = "<group>";
		};
		4B844B6CA715EE5F8E4BD8C9 /* Actions */ = {
			isa = PBXGroup;
			children = (
				E5D34532A9654D5C60B8D99E /*  Action.swift */,
				2B3F42B6BC82C82A809BA7CB /*  LinkAction.swift */,
				D57D494F830CF0A168240ED1 /*  MailAction.swift */,
				FC974266933D91D81551BEEB /*  MapAction.swift */,
				27404BF98EA79DC21069196A /*  NavigationAction.swift */,
				E3484CE9AFB9D32F82FA204E /*  NavigationPushAction.swift */,
				041C47D6AFF231932117C6C2 /*  PhoneAction.swift */,
				939242848593867751F6CBC8 /*  SlidingAction.swift */,
				7D9248A0BEA8783C535E9A2D /*  UriAction.swift */,
		 
			);
			path = Actions;
			sourceTree = "<group>";
		};
		B86249829419768BEEE27ABB /* Analytics */ = {
			isa = PBXGroup;
			children = (
				E72B4E678721766A5E1D744F /*  Analytics.swift */,
				6AE74529A4BFF8797F7791A0 /*  AnalyticsManager.swift */,
				EF7241528722058722053378 /*  Logger.swift */,
				DD6B494D8041F25D5C43FC6C /*  LoggerLevel.swift */,
		 
			);
			path = Analytics;
			sourceTree = "<group>";
		};
		BC444F9AB43282D271EC5953 /* Behaviors */ = {
			isa = PBXGroup;
			children = (
				61A84AD79888AC5105D93170 /*  Behavior.swift */,
				12DF49F0B068DEF1FD626587 /*  CreateBehavior.swift */,
				EE38402FAB1819CE965C0851 /*  FilterBehavior.swift */,
				2E8248E48EA4D443F127E9B9 /*  SearchBehavior.swift */,
				51B04E6AB34B2FA4B2333484 /*  UpdateBehavior.swift */,
				F2FE46BE938A66755156CD80 /*  DeleteBehavior.swift */,
				D33C43029B2E6FB14FBDFBD1 /*  ShareBehavior.swift */,
		 
			);
			path = Behaviors;
			sourceTree = "<group>";
		};
		AC924232AA083448F57F1666 /* Charts */ = {
			isa = PBXGroup;
			children = (
		 
			);
			path = Charts;
			sourceTree = "<group>";
		};
		9A72425B863FF814BC399262 /* Controllers */ = {
			isa = PBXGroup;
			children = (
				9AF24CABBD01339E522103DE /*  CollectionViewController.swift */,
				F60F4983B88D790F494450CD /*  DataSetViewController.swift */,
				F85D4FAAB288CFDE121AADC7 /*  DataViewController.swift */,
				D6244A099CBA67FA8D285821 /*  FilterViewController.swift */,
				C5A24ABA8ACE9CF0A9C6D68A /*  FormViewController.swift */,
				9C564576AF774461FF18238F /*  InputViewController.swift */,
				E9024E8FBD47CADCA56223FC /*  OptionsViewController.swift */,
				194C4EEE8BF216E9F40ADF86 /*  SimpleCollectionViewController.swift */,
				F59D4B9EB99B3265A5569D22 /*  SimpleTabBarController.swift */,
				66D14FF989ECD7CCFD8AA04D /*  StackViewController.swift */,
				747D45C991A1DCE6C50AC974 /*  TableViewController.swift */,
		 
			);
			path = Controllers;
			sourceTree = "<group>";
		};
		D71D429499D9A17D314F9258 /* Datasources */ = {
			isa = PBXGroup;
			children = (
				BC0844CAA054238A9646367B /*  CloudDatasource.swift */,
				3C2F4ABCA982A4AF57BF274D /*  CloudDatasourceFilter.swift */,
				F0EC4053A9200174D91BEC3D /*  Datasource.swift */,
				FAAB440E97EDBE46D0096B05 /*  DatasourceFilter.swift */,
				70DC44039972D43E7A36E3AC /*  DatasourceOptions.swift */,
				E82F41DCA1C3BBE3B511C1C6 /*  ExternalDatasource.swift */,
				545D4361B022D44F209E1B39 /*  ExternalDatasourceFilter.swift */,
				1304493C94750E99ADFED99F /*  HttpClient.swift */,
				BCD1449FB408119EC31354D7 /*  Item.swift */,
				A48948D48525FC79F64CD1C2 /*  LocalDatasource.swift */,
				5EA548E59380953FB2BF9E9B /*  LocalDatasourceFilter.swift */,
		 
			);
			path = Datasources;
			sourceTree = "<group>";
		};
		06E240CD91F68CE78B25CD23 /* Models */ = {
			isa = PBXGroup;
			children = (
				F7C140979A5F7E5816CD5721 /*  Annotation.swift */,
				66874E92830FD17A1FFCE7F2 /*  DateRange.swift */,
				26D6475D90F7B835A8D9ED91 /*  GeoPoint.swift */,
				274843568E3BFA1EFFE354D5 /*  MenuItem.swift */,
		 
			);
			path = Models;
			sourceTree = "<group>";
		};
		617B4F8285EBEE1A8BE4741D /* Security */ = {
			isa = PBXGroup;
			children = (
				8EB243A1807B3B4F035398DB /*  BasicAuthLoginService.swift */,
				D95F43499DEF98C6A0A791CF /*  LoginManager.swift */,
				30044B8DA36A7BD1729AF91B /*  LoginResponse.swift */,
				F66D424BB538C508D2E262F6 /*  LoginService.swift */,
				D58649748BC3A17D0D22B8E7 /*  LoginViewController.swift */,
				8F674044A9A64B7DA4839481 /*  LogoutAction.swift */,
				2A7042968ECD5D78BEF34AD4 /*  LogoutBehavior.swift */,
		 
			);
			path = Security;
			sourceTree = "<group>";
		};
		7708483B85BFE3DA29ED97D0 /* Utils */ = {
			isa = PBXGroup;
			children = (
				52E444E4976D75EC538E6A9E /*  ErrorManager.swift */,
				BCDC4241B4DD558A962751AA /*  LocationManager.swift */,
				9C48490EA9E20493D94F215E /*  NSDate+Additions.swift */,
				3CC94C48B53C603C36B21FC6 /*  NSString+Additions.swift */,
				9CEB4A31918B54AB4B7CF89E /*  String+Additions.swift */,
				D78D4B09B151710309C8AD20 /*  UIColor+Additions.swift */,
				2669404392FF0DD7F6734394 /*  UIFont+Additions.swift */,
				BB9D468FBA2E1EFA3551B6ED /*  UIImageView+Additions.swift */,
				DFA644FB88DE1211ED75DBE5 /*  UITextField+Additions.swift */,
				E4904645AD3B9B4CB9241029 /*  UIView+Additions.swift */,
				AA954F9F936B073BFA005F65 /*  UIViewController+Additions.swift */,
		 
			);
			path = Utils;
			sourceTree = "<group>";
		};
		2824451F983EDFD91B466468 /* Views */ = {
			isa = PBXGroup;
			children = (
				74A94653B04A86F98502C8B9 /*  CollectionViewCell */,
				D843487DA01A0A8C795D1C69 /*  Fields */,
				A3CE44E4AEED126D0688D2F3 /*  TableViewCell */,
				3DF04054947E3CC1CF2814DE /*  ContainerView.swift */,
		 
			);
			path = Views;
			sourceTree = "<group>";
		};
		74A94653B04A86F98502C8B9 /* CollectionViewCell */ = {
			isa = PBXGroup;
			children = (
				62E540288F776D793F178EE9 /*  MosaicCell.swift */,
				08AE476BBBAE5AC3FD6C23A5 /*  PhotoCell.swift */,
		 
			);
			path = CollectionViewCell;
			sourceTree = "<group>";
		};
		D843487DA01A0A8C795D1C69 /* Fields */ = {
			isa = PBXGroup;
			children = (
				70184BBC89B7894F05865459 /*  BooleanField.swift */,
				92724579B6AB65A878873EC6 /*  DateField.swift */,
				DEEC43188C2557FB6C12BD57 /*  DateRangeField.swift */,
				312E402C9FA27DA032B2D3C5 /*  DateRangeFilterField.swift */,
				50354FDDB02926C28A728E91 /*  DateTimeField.swift */,
				3AAC4932A604D2CD7C471429 /*  DecimalField.swift */,
				C2BF408EAA53809361399E6E /*  Field.swift */,
				16BF4F43A0F9E347B681574D /*  FilterField.swift */,
				48A84BE58DB3F30FAE557264 /*  ImageField.swift */,
				36A74E8A832D0DC3C26C3D14 /*  ImageInputView.swift */,
				835341C1A2065D57B88F9FC0 /*  IntegerField.swift */,
				87F44862855BC47F95F3A296 /*  LocationField.swift */,
				86204247B1229DF88CDB7F77 /*  LocationInputView.swift */,
				19104BFA949381A4B9224731 /*  NumberFilterField.swift */,
				BCB24D669AD9C2267569394F /*  OptionsField.swift */,
				6AC74A30BC761D9181FB4AB2 /*  OptionsFilterField.swift */,
				893042F79CCD32C0A5F19246 /*  OptionsInputView.swift */,
				92D4498C8C4E037AB1FBDA3C /*  RangeInputView.swift */,
				AFCB4C448B4241CEC2DF4DD5 /*  Rules.swift */,
				2FD145B08784AB81BA681328 /*  StringField.swift */,
				058A45769F6E203CC5497489 /*  StringFilterField.swift */,
				1C3B4E898BB4F023169B46B7 /*  SwitchInputView.swift */,
				BF9A4DEF99CD547D4A5B8A0D /*  TextInputView.swift */,
				365C4A4CADED8871E2DB417E /*  TristateField.swift */,
				3B00489BA220639014E43BC6 /*  TristateInputView.swift */,
		 
			);
			path = Fields;
			sourceTree = "<group>";
		};
		A3CE44E4AEED126D0688D2F3 /* TableViewCell */ = {
			isa = PBXGroup;
			children = (
				DC414A84928410693C7DF980 /*  BasicCell.swift */,
				C32140B0A3191F0EC970C056 /*  BasicImageCell.swift */,
				0F104B2DA6D93F753D07BAC1 /*  DetailCell.swift */,
				96CA40628328EF4BC83A378F /*  DetailImageCell.swift */,
				44C44AA6A6B7E1CD122F7EC2 /*  InfoImageCell.swift */,
		 
			);
			path = TableViewCell;
			sourceTree = "<group>";
		};
/* End PBXGroup section */

/* Begin PBXNativeTarget section */
		BB8496831D3F74820093606A /* DemoNov */ = {
			isa = PBXNativeTarget;
			buildConfigurationList = BB8496AC1D3F74820093606A /* Build configuration list for PBXNativeTarget "DemoNov" */;
			buildPhases = (
				BB8496801D3F74820093606A /* Sources */,
				BB8496811D3F74820093606A /* Frameworks */,
				BB8496821D3F74820093606A /* Resources */,
			);
			buildRules = (
			);
			dependencies = (
			);
			name = DemoNov;
			productName = DemoNov;
			productReference = BB8496841D3F74820093606A /* DemoNov.app */;
			productType = "com.apple.product-type.application";
		};
		BB8496971D3F74820093606A /* DemoNovTests */ = {
			isa = PBXNativeTarget;
			buildConfigurationList = BB8496AF1D3F74820093606A /* Build configuration list for PBXNativeTarget "DemoNovTests" */;
			buildPhases = (
				BB8496941D3F74820093606A /* Sources */,
				BB8496951D3F74820093606A /* Frameworks */,
				BB8496961D3F74820093606A /* Resources */,
			);
			buildRules = (
			);
			dependencies = (
				BB84969A1D3F74820093606A /* PBXTargetDependency */,
			);
			name = DemoNovTests;
			productName = DemoNovTests;
			productReference = BB8496981D3F74820093606A /* DemoNovTests.xctest */;
			productType = "com.apple.product-type.bundle.unit-test";
		};
		BB8496A21D3F74820093606A /* DemoNovUITests */ = {
			isa = PBXNativeTarget;
			buildConfigurationList = BB8496B21D3F74820093606A /* Build configuration list for PBXNativeTarget "DemoNovUITests" */;
			buildPhases = (
				BB84969F1D3F74820093606A /* Sources */,
				BB8496A01D3F74820093606A /* Frameworks */,
				BB8496A11D3F74820093606A /* Resources */,
			);
			buildRules = (
			);
			dependencies = (
				BB8496A51D3F74820093606A /* PBXTargetDependency */,
			);
			name = DemoNovUITests;
			productName = DemoNovUITests;
			productReference = BB8496A31D3F74820093606A /* DemoNovUITests.xctest */;
			productType = "com.apple.product-type.bundle.ui-testing";
		};
/* End PBXNativeTarget section */

/* Begin PBXProject section */
		BB84967C1D3F74820093606A /* Project object */ = {
			isa = PBXProject;
			attributes = {
				LastSwiftUpdateCheck = 0730;
				LastUpgradeCheck = 0800;
				ORGANIZATIONNAME = "Icinetic S.L.";
				TargetAttributes = {
					BB8496831D3F74820093606A = {
						CreatedOnToolsVersion = 7.3.1;
						
					};
					BB8496971D3F74820093606A = {
						CreatedOnToolsVersion = 7.3.1;
						TestTargetID = BB8496831D3F74820093606A;
					};
					BB8496A21D3F74820093606A = {
						CreatedOnToolsVersion = 7.3.1;
						TestTargetID = BB8496831D3F74820093606A;
					};
				};
			};
			buildConfigurationList = BB84967F1D3F74820093606A /* Build configuration list for PBXProject "DemoNov" */;
			compatibilityVersion = "Xcode 3.2";
			developmentRegion = English;
			hasScannedForEncodings = 0;
			knownRegions = (
				en,
				Base,
			);
			mainGroup = BB84967B1D3F74820093606A;
			productRefGroup = BB8496851D3F74820093606A /* Products */;
			projectDirPath = "";
			projectRoot = "";
			targets = (
				BB8496831D3F74820093606A /* DemoNov */,
				BB8496971D3F74820093606A /* DemoNovTests */,
				BB8496A21D3F74820093606A /* DemoNovUITests */,
			);
		};
/* End PBXProject section */

/* Begin PBXResourcesBuildPhase section */
		BB8496821D3F74820093606A /* Resources */ = {
			isa = PBXResourcesBuildPhase;
			buildActionMask = 2147483647;
			files = (
				BB8496921D3F74820093606A /* LaunchScreen.storyboard in Resources */,
				BB84968F1D3F74820093606A /* Assets.xcassets in Resources */,
				7DC34148961E98B0737D631C /* EmptyDatasource.plist in Resources */,
			);
			runOnlyForDeploymentPostprocessing = 0;
		};
		BB8496961D3F74820093606A /* Resources */ = {
			isa = PBXResourcesBuildPhase;
			buildActionMask = 2147483647;
			files = (
			);
			runOnlyForDeploymentPostprocessing = 0;
		};
		BB8496A11D3F74820093606A /* Resources */ = {
			isa = PBXResourcesBuildPhase;
			buildActionMask = 2147483647;
			files = (
			);
			runOnlyForDeploymentPostprocessing = 0;
		};
/* End PBXResourcesBuildPhase section */

/* Begin PBXSourcesBuildPhase section */
		BB8496801D3F74820093606A /* Sources */ = {
			isa = PBXSourcesBuildPhase;
			buildActionMask = 2147483647;
			files = (
				BF164ABCB3CB6E4DDCB1F745 /* CustomViewController.swift in Sources */,
				527A4E2A92D7DF1D8930CEC7 /* ExpensesDetailViewController.swift in Sources */,
				16A34EB9AF5903DC74551130 /* ExpensesFormViewController.swift in Sources */,
				41F64F0FB8C16764231A87AB /* ExpensesViewController.swift in Sources */,
				AD5D44EEAA6DCC8669074B43 /* ExpenseTrackerFormViewController.swift in Sources */,
				90834D8AA2EA5090D8401E5F /* MainMenuViewController.swift in Sources */,
				083B4EC5A54DFC2E1524EA9B /* MyExpensesTrackerMenuItem1DetailViewController.swift in Sources */,
				DB924CE09949672AD9FB159D /* MyExpensesTrackerMenuItem1ViewController.swift in Sources */,
				A71746DAB2B8BFC7638D0C77 /* NuevaListaViewController.swift in Sources */,
				B8D1405FAD27BBEDEF5922F4 /* DatasourceConfig.swift in Sources */,
				E6B64FD6BE47072C70DCBD8A /* DatasourceManager.swift in Sources */,
				0E62490DAEF8702988073F9F /* CategoriesDSItem.swift in Sources */,
				5B1B431C99FC6499CFB5D741 /* ExpensesDSItem.swift in Sources */,
				418C4E9CB9EE6BCC642EDDA8 /* Item1.swift in Sources */,
				1A40489BA45B630719326EC8 /* Action.swift in Sources */,
				4DCD44328ADC5367FAD14105 /* LinkAction.swift in Sources */,
				F7B54D62967651D7226F3D21 /* MailAction.swift in Sources */,
				5CF4479892BCE13C05D5DBCE /* MapAction.swift in Sources */,
				5DDB428BA980643DDC396053 /* NavigationAction.swift in Sources */,
				448D49069CC16551FAECE8C8 /* NavigationPushAction.swift in Sources */,
				0C2C4AAFBE25302762129681 /* PhoneAction.swift in Sources */,
				C0CE4C5FB04F52F99BAA4C1D /* SlidingAction.swift in Sources */,
				248B4190931EB1789B0D52BE /* UriAction.swift in Sources */,
				C6E844639AF235767ADE7C8E /* Analytics.swift in Sources */,
				21674FABAEE4F8C836CF3628 /* AnalyticsManager.swift in Sources */,
				AD9A4402B9A8EA04EF7C3986 /* Logger.swift in Sources */,
				457D48C9B368327DCDF808FE /* LoggerLevel.swift in Sources */,
				A5734901BBC4BDDA760B76C6 /* Behavior.swift in Sources */,
				2E65457294A4A72129498F9A /* CreateBehavior.swift in Sources */,
				DAD0408D9E3B56408F98A800 /* FilterBehavior.swift in Sources */,
				D5F44FBF94E1B70FF5EA9BD2 /* SearchBehavior.swift in Sources */,
				01454D67964FFA2C81FA9032 /* UpdateBehavior.swift in Sources */,
				A2294EA39B76F13EC2A87BB8 /* DeleteBehavior.swift in Sources */,
				FD0B438480BCFEB2C0E19B3B /* ShareBehavior.swift in Sources */,
				DBA8408F9622E3283D776169 /* CollectionViewController.swift in Sources */,
				FC39499C9309D7155FFBFED6 /* DataSetViewController.swift in Sources */,
				375D4A29A4888E9E7108D659 /* DataViewController.swift in Sources */,
				6C4C495BA4BE97CB7AAA2622 /* FilterViewController.swift in Sources */,
				61BD424797469B1DACC73503 /* FormViewController.swift in Sources */,
				8157409FB57B68F281844C82 /* InputViewController.swift in Sources */,
				DF9D4901A1DB1909F86AE9A4 /* OptionsViewController.swift in Sources */,
				807B4FFBB3557FBBE18E3A71 /* SimpleCollectionViewController.swift in Sources */,
				0BB04E4189A66066EAD863DE /* SimpleTabBarController.swift in Sources */,
				6E8942439F36C3B5F677B513 /* StackViewController.swift in Sources */,
				9B7547538BF67A941984EA4E /* TableViewController.swift in Sources */,
				92DB44D58233B64B0D97DD63 /* CloudDatasource.swift in Sources */,
				A06945FEB0FED4EBF6BA423E /* CloudDatasourceFilter.swift in Sources */,
				821149E394F8865064B0FEC1 /* Datasource.swift in Sources */,
				807340148CBF87006904F78C /* DatasourceFilter.swift in Sources */,
				663A46E9AFF075DA5BC5DEE6 /* DatasourceOptions.swift in Sources */,
				1AD94C26BD944B22960EBA92 /* ExternalDatasource.swift in Sources */,
				A31C44D28AC264D4940EE237 /* ExternalDatasourceFilter.swift in Sources */,
				AAED49079CCABBC1F9BC540B /* HttpClient.swift in Sources */,
				8F3744D98B0CA45869716CA8 /* Item.swift in Sources */,
				92D944B0BB74EB4350EABE6C /* LocalDatasource.swift in Sources */,
				59294103AAB2BF8389936522 /* LocalDatasourceFilter.swift in Sources */,
				CEA547AE8C5E3862E761BE40 /* Annotation.swift in Sources */,
				E6244C6488B9AEFCB22D1997 /* DateRange.swift in Sources */,
				960C4B2FAE0FA24E03E94CAD /* GeoPoint.swift in Sources */,
				8CF6482C8699EFEFE67B3667 /* MenuItem.swift in Sources */,
				475B447CBD223CA2DC88A12F /* BasicAuthLoginService.swift in Sources */,
				49274DC49C95ADC440982ACD /* LoginManager.swift in Sources */,
				3EA44FB1947BB3E2FB0074A8 /* LoginResponse.swift in Sources */,
				DED74250A2D437A3A6EEA3AE /* LoginService.swift in Sources */,
				452944F5998A1B613D4A55AA /* LoginViewController.swift in Sources */,
				991F4E8680EA099A4BDA579F /* LogoutAction.swift in Sources */,
				D1D9474385BFD0D8899810F1 /* LogoutBehavior.swift in Sources */,
				96C64412A2FE8EE0EA502B68 /* ErrorManager.swift in Sources */,
				D6C7454B960F55DA5CF98A19 /* LocationManager.swift in Sources */,
				091841F99B744C417F8AFB4E /* NSDate+Additions.swift in Sources */,
				F227451A83233077EF898E6B /* NSString+Additions.swift in Sources */,
				610F4B358336B1C6884FE60F /* String+Additions.swift in Sources */,
				6B4B4C2E9B171AA7C6C335DA /* UIColor+Additions.swift in Sources */,
				298845C7AC824D6E382CCE16 /* UIFont+Additions.swift in Sources */,
				26D843FDBCAA3F43D7B4CC79 /* UIImageView+Additions.swift in Sources */,
				F782407BBAC49CFC80E360E6 /* UITextField+Additions.swift in Sources */,
				E90C40E29C2944CC471E7694 /* UIView+Additions.swift in Sources */,
				C0F44D2EB8FC284FCF232DFF /* UIViewController+Additions.swift in Sources */,
				A5AA47D3A42DD7068A506E13 /* ContainerView.swift in Sources */,
				9AC247AA98DE533643C4DB30 /* MosaicCell.swift in Sources */,
				079A448F96601627B13EB081 /* PhotoCell.swift in Sources */,
				F077430DA9B2E922C36F9263 /* BooleanField.swift in Sources */,
				EA674729BC71EAEA828D2959 /* DateField.swift in Sources */,
				2E3B4DFDBC81D757359C00D4 /* DateRangeField.swift in Sources */,
				32564820840AB72AB23E7188 /* DateRangeFilterField.swift in Sources */,
				2E944D1BB172A187AAF3D660 /* DateTimeField.swift in Sources */,
				B28E41C7849EE302FDACAACD /* DecimalField.swift in Sources */,
				461749169440D9C4E57D6657 /* Field.swift in Sources */,
				96DC4D488C18D78B7B92EA71 /* FilterField.swift in Sources */,
				F17F427DA6754DB00D4454CE /* ImageField.swift in Sources */,
				F4244362A5E611F3537E5288 /* ImageInputView.swift in Sources */,
				69A4444F90E26766CAA98307 /* IntegerField.swift in Sources */,
				AFC5414D9FB820669A634154 /* LocationField.swift in Sources */,
				AEA14586B0CDF0E8D1B6EA06 /* LocationInputView.swift in Sources */,
				31054C7FB942797DD6CEC306 /* NumberFilterField.swift in Sources */,
				05FD482890F8C2B1A8EF8626 /* OptionsField.swift in Sources */,
				9E454CF3B3AAE2A3A84832D3 /* OptionsFilterField.swift in Sources */,
				930D4F13B965215526DC1B6B /* OptionsInputView.swift in Sources */,
				925D49BDA322047B01501A1D /* RangeInputView.swift in Sources */,
				F1D147B988D55799A1FA43EC /* Rules.swift in Sources */,
				E1AB4A2E88B4721FAAC49557 /* StringField.swift in Sources */,
				85D74FEA965CA40CFFDCADC1 /* StringFilterField.swift in Sources */,
				8FA149029BA5BEC75DA16CCF /* SwitchInputView.swift in Sources */,
				790943E983C4A2103405945C /* TextInputView.swift in Sources */,
				73944B3FBA141CA0A84D622D /* TristateField.swift in Sources */,
				651944B0B057FB3AC94AB0BE /* TristateInputView.swift in Sources */,
				8C5041CDB56B5BED1224A736 /* BasicCell.swift in Sources */,
				B8E94355910BD734F02EEB3A /* BasicImageCell.swift in Sources */,
				CE374A42B240E75BFF604613 /* DetailCell.swift in Sources */,
				FAE54106B3925C4A268B95D9 /* DetailImageCell.swift in Sources */,
				795D4F078290C211EB2581E4 /* InfoImageCell.swift in Sources */,
				0BCF4727BAAE9B50DF6618BE /* AppDelegate.swift in Sources */,
				17A9439AB711D7F11B829F5A /* MainNavigation.swift in Sources */,
				C96340F082EA92E4B9650588 /* Style.swift in Sources */,
				26A648FB83F555AB51687299 /* StyleConfig.swift in Sources */,
					
			);
			runOnlyForDeploymentPostprocessing = 0;
		};
		BB8496941D3F74820093606A /* Sources */ = {
			isa = PBXSourcesBuildPhase;
			buildActionMask = 2147483647;
			files = (
				BB84969D1D3F74820093606A /* DemoNovTests.swift in Sources */,
			);
			runOnlyForDeploymentPostprocessing = 0;
		};
		BB84969F1D3F74820093606A /* Sources */ = {
			isa = PBXSourcesBuildPhase;
			buildActionMask = 2147483647;
			files = (
				BB8496A81D3F74820093606A /* DemoNovUITests.swift in Sources */,
			);
			runOnlyForDeploymentPostprocessing = 0;
		};
/* End PBXSourcesBuildPhase section */

/* Begin PBXTargetDependency section */
		BB84969A1D3F74820093606A /* PBXTargetDependency */ = {
			isa = PBXTargetDependency;
			target = BB8496831D3F74820093606A /* DemoNov */;
			targetProxy = BB8496991D3F74820093606A /* PBXContainerItemProxy */;
		};
		BB8496A51D3F74820093606A /* PBXTargetDependency */ = {
			isa = PBXTargetDependency;
			target = BB8496831D3F74820093606A /* DemoNov */;
			targetProxy = BB8496A41D3F74820093606A /* PBXContainerItemProxy */;
		};
/* End PBXTargetDependency section */

/* Begin PBXVariantGroup section */
		BB8496901D3F74820093606A /* LaunchScreen.storyboard */ = {
			isa = PBXVariantGroup;
			children = (
				BB8496911D3F74820093606A /* Base */,
			);
			name = LaunchScreen.storyboard;
			sourceTree = "<group>";
		};
/* End PBXVariantGroup section */

/* Begin XCBuildConfiguration section */
		BB8496AA1D3F74820093606A /* Debug */ = {
			isa = XCBuildConfiguration;
			buildSettings = {
				ALWAYS_SEARCH_USER_PATHS = NO;
				CLANG_ANALYZER_NONNULL = YES;
				CLANG_CXX_LANGUAGE_STANDARD = "gnu++0x";
				CLANG_CXX_LIBRARY = "libc++";
				CLANG_ENABLE_MODULES = YES;
				CLANG_ENABLE_OBJC_ARC = YES;
				CLANG_WARN_BOOL_CONVERSION = YES;
				CLANG_WARN_CONSTANT_CONVERSION = YES;
				CLANG_WARN_DIRECT_OBJC_ISA_USAGE = YES_ERROR;
				CLANG_WARN_EMPTY_BODY = YES;
				CLANG_WARN_ENUM_CONVERSION = YES;
				CLANG_WARN_INFINITE_RECURSION = YES;
				CLANG_WARN_INT_CONVERSION = YES;
				CLANG_WARN_OBJC_ROOT_CLASS = YES_ERROR;
				CLANG_WARN_SUSPICIOUS_MOVE = YES;
				CLANG_WARN_UNREACHABLE_CODE = YES;
				CLANG_WARN__DUPLICATE_METHOD_MATCH = YES;
				"CODE_SIGN_IDENTITY[sdk=iphoneos*]" = "iPhone Developer";
				COPY_PHASE_STRIP = NO;
				DEBUG_INFORMATION_FORMAT = dwarf;
				ENABLE_STRICT_OBJC_MSGSEND = YES;
				ENABLE_TESTABILITY = YES;
				GCC_C_LANGUAGE_STANDARD = gnu99;
				GCC_DYNAMIC_NO_PIC = NO;
				GCC_NO_COMMON_BLOCKS = YES;
				GCC_OPTIMIZATION_LEVEL = 0;
				GCC_PREPROCESSOR_DEFINITIONS = (
					"DEBUG=1",
					"$(inherited)",
				);
				GCC_WARN_64_TO_32_BIT_CONVERSION = YES;
				GCC_WARN_ABOUT_RETURN_TYPE = YES_ERROR;
				GCC_WARN_UNDECLARED_SELECTOR = YES;
				GCC_WARN_UNINITIALIZED_AUTOS = YES_AGGRESSIVE;
				GCC_WARN_UNUSED_FUNCTION = YES;
				GCC_WARN_UNUSED_VARIABLE = YES;
				IPHONEOS_DEPLOYMENT_TARGET = 8.0;
				MTL_ENABLE_DEBUG_INFO = YES;
				ONLY_ACTIVE_ARCH = YES;
				SDKROOT = iphoneos;
				SWIFT_OPTIMIZATION_LEVEL = "-Onone";
				SWIFT_VERSION = 2.3;
				TARGETED_DEVICE_FAMILY = "1,2";
			};
			name = Debug;
		};
		BB8496AB1D3F74820093606A /* Release */ = {
			isa = XCBuildConfiguration;
			buildSettings = {
				ALWAYS_SEARCH_USER_PATHS = NO;
				CLANG_ANALYZER_NONNULL = YES;
				CLANG_CXX_LANGUAGE_STANDARD = "gnu++0x";
				CLANG_CXX_LIBRARY = "libc++";
				CLANG_ENABLE_MODULES = YES;
				CLANG_ENABLE_OBJC_ARC = YES;
				CLANG_WARN_BOOL_CONVERSION = YES;
				CLANG_WARN_CONSTANT_CONVERSION = YES;
				CLANG_WARN_DIRECT_OBJC_ISA_USAGE = YES_ERROR;
				CLANG_WARN_EMPTY_BODY = YES;
				CLANG_WARN_ENUM_CONVERSION = YES;
				CLANG_WARN_INFINITE_RECURSION = YES;
				CLANG_WARN_INT_CONVERSION = YES;
				CLANG_WARN_OBJC_ROOT_CLASS = YES_ERROR;
				CLANG_WARN_SUSPICIOUS_MOVE = YES;
				CLANG_WARN_UNREACHABLE_CODE = YES;
				CLANG_WARN__DUPLICATE_METHOD_MATCH = YES;
				"CODE_SIGN_IDENTITY[sdk=iphoneos*]" = "iPhone Distribution";
				COPY_PHASE_STRIP = NO;
				DEBUG_INFORMATION_FORMAT = "dwarf-with-dsym";
				ENABLE_NS_ASSERTIONS = NO;
				ENABLE_STRICT_OBJC_MSGSEND = YES;
				GCC_C_LANGUAGE_STANDARD = gnu99;
				GCC_NO_COMMON_BLOCKS = YES;
				GCC_OPTIMIZATION_LEVEL = 0;
				GCC_WARN_64_TO_32_BIT_CONVERSION = YES;
				GCC_WARN_ABOUT_RETURN_TYPE = YES_ERROR;
				GCC_WARN_UNDECLARED_SELECTOR = YES;
				GCC_WARN_UNINITIALIZED_AUTOS = YES_AGGRESSIVE;
				GCC_WARN_UNUSED_FUNCTION = YES;
				GCC_WARN_UNUSED_VARIABLE = YES;
				IPHONEOS_DEPLOYMENT_TARGET = 8.0;
				MTL_ENABLE_DEBUG_INFO = NO;
				SDKROOT = iphoneos;
				SWIFT_OPTIMIZATION_LEVEL = "-Owholemodule";
				SWIFT_VERSION = 2.3;
				TARGETED_DEVICE_FAMILY = "1,2";
				VALIDATE_PRODUCT = YES;
			};
			name = Release;
		};
		BB8496AD1D3F74820093606A /* Debug */ = {
			isa = XCBuildConfiguration;
			buildSettings = {
				ALWAYS_EMBED_SWIFT_STANDARD_LIBRARIES = YES;
				ASSETCATALOG_COMPILER_APPICON_NAME = AppIcon;
				
				ENABLE_BITCODE = YES;
				INFOPLIST_FILE = DemoNov/Info.plist;
				LD_RUNPATH_SEARCH_PATHS = "$(inherited) @executable_path/Frameworks";
				OTHER_SWIFT_FLAGS = "$(inherited) -Xfrontend -debug-time-function-bodies";
				PRODUCT_BUNDLE_IDENTIFIER = com.ibm.mobileappbuilder.demonov20161104124234;
				PRODUCT_NAME = "$(TARGET_NAME)";
				SWIFT_VERSION = 2.3;
			};
			name = Debug;
		};
		BB8496AE1D3F74820093606A /* Release */ = {
			isa = XCBuildConfiguration;
			buildSettings = {
				ALWAYS_EMBED_SWIFT_STANDARD_LIBRARIES = YES;
				ASSETCATALOG_COMPILER_APPICON_NAME = AppIcon;
	
				ENABLE_BITCODE = YES;
				INFOPLIST_FILE = DemoNov/Info.plist;
				LD_RUNPATH_SEARCH_PATHS = "$(inherited) @executable_path/Frameworks";
				OTHER_SWIFT_FLAGS = "$(inherited) -Xfrontend -debug-time-function-bodies";
				PRODUCT_BUNDLE_IDENTIFIER = com.ibm.mobileappbuilder.demonov20161104124234;
				PRODUCT_NAME = "$(TARGET_NAME)";
				SWIFT_VERSION = 2.3;
			};
			name = Release;
		};
		BB8496B01D3F74820093606A /* Debug */ = {
			isa = XCBuildConfiguration;
			buildSettings = {
				BUNDLE_LOADER = "$(TEST_HOST)";
				INFOPLIST_FILE = DemoNovTests/Info.plist;
				LD_RUNPATH_SEARCH_PATHS = "$(inherited) @executable_path/Frameworks @loader_path/Frameworks";
				PRODUCT_BUNDLE_IDENTIFIER = com.ibm.mobileappbuilder.demonov20161104124234;
				PRODUCT_NAME = "$(TARGET_NAME)";
				SWIFT_VERSION = 2.3;
				TEST_HOST = "$(BUILT_PRODUCTS_DIR)/DemoNov.app/DemoNov";
			};
			name = Debug;
		};
		BB8496B11D3F74820093606A /* Release */ = {
			isa = XCBuildConfiguration;
			buildSettings = {
				BUNDLE_LOADER = "$(TEST_HOST)";
				INFOPLIST_FILE = DemoNovTests/Info.plist;
				LD_RUNPATH_SEARCH_PATHS = "$(inherited) @executable_path/Frameworks @loader_path/Frameworks";
				PRODUCT_BUNDLE_IDENTIFIER = com.ibm.mobileappbuilder.demonov20161104124234;
				PRODUCT_NAME = "$(TARGET_NAME)";
				SWIFT_VERSION = 2.3;
				TEST_HOST = "$(BUILT_PRODUCTS_DIR)/DemoNov.app/DemoNov";
			};
			name = Release;
		};
		BB8496B31D3F74820093606A /* Debug */ = {
			isa = XCBuildConfiguration;
			buildSettings = {
				INFOPLIST_FILE = DemoNovUITests/Info.plist;
				LD_RUNPATH_SEARCH_PATHS = "$(inherited) @executable_path/Frameworks @loader_path/Frameworks";
				PRODUCT_BUNDLE_IDENTIFIER = DemoNov.DemoNov;
				PRODUCT_NAME = "$(TARGET_NAME)";
				SWIFT_VERSION = 2.3;
				TEST_TARGET_NAME = DemoNov;
			};
			name = Debug;
		};
		BB8496B41D3F74820093606A /* Release */ = {
			isa = XCBuildConfiguration;
			buildSettings = {
				INFOPLIST_FILE = DemoNovUITests/Info.plist;
				LD_RUNPATH_SEARCH_PATHS = "$(inherited) @executable_path/Frameworks @loader_path/Frameworks";
				PRODUCT_BUNDLE_IDENTIFIER = com.ibm.mobileappbuilder.demonov20161104124234;
				PRODUCT_NAME = "$(TARGET_NAME)";
				SWIFT_VERSION = 2.3;
				TEST_TARGET_NAME = DemoNov;
			};
			name = Release;
		};
/* End XCBuildConfiguration section */

/* Begin XCConfigurationList section */
		BB84967F1D3F74820093606A /* Build configuration list for PBXProject "DemoNov" */ = {
			isa = XCConfigurationList;
			buildConfigurations = (
				BB8496AA1D3F74820093606A /* Debug */,
				BB8496AB1D3F74820093606A /* Release */,
			);
			defaultConfigurationIsVisible = 0;
			defaultConfigurationName = Release;
		};
		BB8496AC1D3F74820093606A /* Build configuration list for PBXNativeTarget "DemoNov" */ = {
			isa = XCConfigurationList;
			buildConfigurations = (
				BB8496AD1D3F74820093606A /* Debug */,
				BB8496AE1D3F74820093606A /* Release */,
			);
			defaultConfigurationIsVisible = 0;
			defaultConfigurationName = Release;
		};
		BB8496AF1D3F74820093606A /* Build configuration list for PBXNativeTarget "DemoNovTests" */ = {
			isa = XCConfigurationList;
			buildConfigurations = (
				BB8496B01D3F74820093606A /* Debug */,
				BB8496B11D3F74820093606A /* Release */,
			);
			defaultConfigurationIsVisible = 0;
			defaultConfigurationName = Release;
		};
		BB8496B21D3F74820093606A /* Build configuration list for PBXNativeTarget "DemoNovUITests" */ = {
			isa = XCConfigurationList;
			buildConfigurations = (
				BB8496B31D3F74820093606A /* Debug */,
				BB8496B41D3F74820093606A /* Release */,
			);
			defaultConfigurationIsVisible = 0;
			defaultConfigurationName = Release;
		};
/* End XCConfigurationList section */
	};
	rootObject = BB84967C1D3F74820093606A /* Project object */;
}
